github.com/cespare/xxhash/v2 v2.3.0 h1:UL815xU9SqsFlibzuggzjXhog7bL6oX9BbNZnL2UFvs=
github.com/cespare/xxhash/v2 v2.3.0/go.mod h1:VGX0DQ3Q6kWi7AoAeZDth3/j3BFtOZR5XLFGgcrjCOs=
github.com/davecgh/go-spew v1.1.1 h1:vj9j/u1bqnvCEfJOwUhtlOARqs3+rkHYY13jYWTU97c=
github.com/davecgh/go-spew v1.1.1/go.mod h1:J7Y8YcW2NihsgmVo/mv3lAwl/skON4iLHjSsI+c5H38=
github.com/felixge/httpsnoop v1.1.0 h1:3YtUj32ZZkqZtt3sZZsClsymw/QDuVfpNhoA31zeORc=
github.com/felixge/httpsnoop v1.1.0/go.mod h1:Zqxgdd+1Rkcz8euOqdr7lqgCRJztwr5hp9vDSi5UZCE=
github.com/go-logr/logr v1.2.2/go.mod h1:jdQByPbusPIv2/zmleS9BjJVeZ6kBagPoEUsqbVz/1A=
github.com/go-logr/logr v1.4.4 h1:tG4xh9yMsRCAiodLVTxyrkzSZ9+o0L1Kg/+cPVcbP/8=
github.com/go-logr/logr v1.4.4/go.mod h1:9T104GzyrTigFIr8wt5mBrctHMim0Nb2HLGrmQ40KvY=
github.com/go-logr/stdr v1.2.2 h1:hSWxHoqTgW2S2qGc0LTAI563KZ5YKYRhT3MFKZMbjag=
github.com/go-logr/stdr v1.2.2/go.mod h1:mMo/vtBO5dYbehREoey6XUKy/eSumjCCveDpRre4VKE=
github.com/google/go-cmp v0.7.0 h1:wk8382ETsv4JYUZwIsn6YpYiWiBsYLSJiTsyBybVuN8=
github.com/google/go-cmp v0.7.0/go.mod h1:pXiqmnSA92OHEEa9HXL2W4E7lf9JzCmGVUdgjX3N/iU=
github.com/google/uuid v1.6.0 h1:NIvaJDMOsjHA8n1jAhLSgzrAzy1Hgr+hNrb57e+94F0=
github.com/google/uuid v1.6.0/go.mod h1:TIyPZe4MgqvfeYDBFedMoGGpEw/LqOeaOT+nhxU+yHo=
github.com/pmezard/go-difflib v1.0.0 h1:4DBwDE0NGyQoBHbLQYPwSUPoCMWR5BEzIk/f1lZbAQM=
github.com/pmezard/go-difflib v1.0.0/go.mod h1:iKH77koFhYxTK1pcRnkKkqfTogsbg7gZNVY4sRDYZ/4=
github.com/stretchr/testify v1.11.1 h1:7s2iGBzp5EwR7/aIZr8ao5+dra3wiQyKjjFuvgVKu7U=
github.com/stretchr/testify v1.11.1/go.mod h1:wZwfW3scLgRK+23gO65QZefKpKQRnfz6sD981Nm4B6U=
go.opentelemetry.io/auto/sdk v1.2.1 h1:jXsnJ4Lmnqd11kwkBV2LgLoFMZKizbCi5fNZ/ipaZ64=
go.opentelemetry.io/auto/sdk v1.2.1/go.mod h1:KRTj+aOaElaLi+wW1kO/DZRXwkF4C5xPbEe3ZiIhN7Y=
go.opentelemetry.io/otel v1.44.1-0.20260724153359-ba71b09e6ed2 h1:MIbaaOHJoBsvwqp2VIsTe0+RLI2m+CsgpKSC96oPwQ4=
go.opentelemetry.io/otel v1.44.1-0.20260724153359-ba71b09e6ed2/go.mod h1:yOM3poMPnrMUb2pEzmijkTQMyzpKlJWKKK9FwOZRfpc=
go.opentelemetry.io/otel/exporters/stdout/stdouttrace v1.44.1-0.20260625150014-c84013202f01 h1:bgAcgADEqxJDjeSnWcvv6NHeD2oTdO7Sx4mSmT4NapM=
go.opentelemetry.io/otel/exporters/stdout/stdouttrace v1.44.1-0.20260625150014-c84013202f01/go.mod h1:5vGVlvyW9mWb+Gv4OWIhCFL9n+XyEu/Xr1ybRWQQ9lE=
go.opentelemetry.io/otel/metric v1.44.1-0.20260625150014-c84013202f01 h1:7YEIP7LvULL1wRqY3BzYKIkgZg5zij+wqyQ56PusAQA=
go.opentelemetry.io/otel/metric v1.44.1-0.20260625150014-c84013202f01/go.mod h1:8O7hanEPBNgEMmybD3s2VBKcgWOCsA6tzHBPODAiquo=
go.opentelemetry.io/otel/sdk v1.44.1-0.20260625150014-c84013202f01 h1:wXkDrnTf8HkCSVLVwDSM0Aa1t3AUdhQGYZV1vDGLufM=
go.opentelemetry.io/otel/sdk v1.44.1-0.20260625150014-c84013202f01/go.mod h1:i7/YJlePY+Wmb/GJmg23Fak/bj1fkt/2wHa/zsImdJ8=
go.opentelemetry.io/otel/sdk/metric v1.44.1-0.20260625150014-c84013202f01 h1:iyECGYY2V4UyET+7LE7f449rM191gDc1PJt42N/suYI=
go.opentelemetry.io/otel/sdk/metric v1.44.1-0.20260625150014-c84013202f01/go.mod h1:xZjeGP2g1Hxokmw5N6WDyiJb4OOKitlYGqGiwgu4CjM=
go.opentelemetry.io/otel/trace v1.44.1-0.20260625150014-c84013202f01 h1:WSZa+PvVDW2VyJjwtUaU6fPr6/OrOKHkbClZWNezTv4=
go.opentelemetry.io/otel/trace v1.44.1-0.20260625150014-c84013202f01/go.mod h1:oLl1jrMQAVo6v3GAggN+1VH9VIz9iUSvW53sW1Q8PIE=
go.uber.org/goleak v1.3.0 h1:2K3zAYmnTNqV73imy9J1T3WC+gmCePx2hEGkimedGto=
go.uber.org/goleak v1.3.0/go.mod h1:CoHD4mav9JJNrW/WLlf7HGZPjdw8EucARQHekz1X6bE=
golang.org/x/sys v0.47.0 h1:o7XGOvZQCADBQQ4Y7VNq2dRWQR7JmOUW8Kxx4ZsNgWs=
golang.org/x/sys v0.47.0/go.mod h1:4GL1E5IUh+htKOUEOaiffhrAeqysfVGipDYzABqnCmw=
gopkg.in/yaml.v3 v3.0.1 h1:fxVm/GzAzEWqLHuvctI91KS9hhNmmWOoWu0XTYJS7CA=
gopkg.in/yaml.v3 v3.0.1/go.mod h1:K4uyk7z7BCEPqu6E+C64Yfv1cQ7kz7rIZviUmN+EgEM=
