github.com/davecgh/go-spew v1.1.1 h1:vj9j/u1bqnvCEfJOwUhtlOARqs3+rkHYY13jYWTU97c=
github.com/davecgh/go-spew v1.1.1/go.mod h1:J7Y8YcW2NihsgmVo/mv3lAwl/skON4iLHjSsI+c5H38=
github.com/felixge/httpsnoop v1.0.4 h1:NFTV2Zj1bL4mc9sqWACXbQFVBBg2W3GPvqp8/ESS2Wg=
github.com/felixge/httpsnoop v1.0.4/go.mod h1:m8KPJKqk1gH5J9DgRY2ASl2lWCfGKXixSwevea8zH2U=
github.com/go-logr/logr v1.2.2/go.mod h1:jdQByPbusPIv2/zmleS9BjJVeZ6kBagPoEUsqbVz/1A=
github.com/go-logr/logr v1.4.3 h1:CjnDlHq8ikf6E492q6eKboGOC0T8CDaOvkHCIg8idEI=
github.com/go-logr/logr v1.4.3/go.mod h1:9T104GzyrTigFIr8wt5mBrctHMim0Nb2HLGrmQ40KvY=
github.com/go-logr/stdr v1.2.2 h1:hSWxHoqTgW2S2qGc0LTAI563KZ5YKYRhT3MFKZMbjag=
github.com/go-logr/stdr v1.2.2/go.mod h1:mMo/vtBO5dYbehREoey6XUKy/eSumjCCveDpRre4VKE=
github.com/google/go-cmp v0.7.0 h1:wk8382ETsv4JYUZwIsn6YpYiWiBsYLSJiTsyBybVuN8=
github.com/google/go-cmp v0.7.0/go.mod h1:pXiqmnSA92OHEEa9HXL2W4E7lf9JzCmGVUdgjX3N/iU=
github.com/google/uuid v1.6.0 h1:NIvaJDMOsjHA8n1jAhLSgzrAzy1Hgr+hNrb57e+94F0=
github.com/google/uuid v1.6.0/go.mod h1:TIyPZe4MgqvfeYDBFedMoGGpEw/LqOeaOT+nhxU+yHo=
github.com/pmezard/go-difflib v1.0.0 h1:4DBwDE0NGyQoBHbLQYPwSUPoCMWR5BEzIk/f1lZbAQM=
github.com/pmezard/go-difflib v1.0.0/go.mod h1:iKH77koFhYxTK1pcRnkKkqfTogsbg7gZNVY4sRDYZ/4=
github.com/stretchr/testify v1.11.1 h1:7s2iGBzp5EwR7/aIZr8ao5+dra3wiQyKjjFuvgVKu7U=
github.com/stretchr/testify v1.11.1/go.mod h1:wZwfW3scLgRK+23gO65QZefKpKQRnfz6sD981Nm4B6U=
go.opentelemetry.io/auto/sdk v1.1.0 h1:cH53jehLUN6UFLY71z+NDOiNJqDdPRaXzTel0sJySYA=
go.opentelemetry.io/auto/sdk v1.1.0/go.mod h1:3wSPjt5PWp2RhlCcmmOial7AvC4DQqZb7a7wCow3W8A=
go.opentelemetry.io/otel v1.37.1-0.20250828230916-d99c68cb21b2 h1:uyFNnCowEIKbdnQe/wpjrHMAzLCChksDrJSlbyYXFf0=
go.opentelemetry.io/otel v1.37.1-0.20250828230916-d99c68cb21b2/go.mod h1:x0+AEKWf2B4ijpExSL14hAnSLA/3UehN5OJ7DarRXE0=
go.opentelemetry.io/otel/exporters/stdout/stdoutlog v0.13.1-0.20250828230916-d99c68cb21b2 h1:xrDP+JLVI5owBt8SgKnZDgddcsQ+Odx6ATkKQPuvYmI=
go.opentelemetry.io/otel/exporters/stdout/stdoutlog v0.13.1-0.20250828230916-d99c68cb21b2/go.mod h1:Y5MqYXp+DR4YUwlo9v5YkfAkIbs0NM8DKw4A7EcWDw0=
go.opentelemetry.io/otel/exporters/stdout/stdoutmetric v1.37.1-0.20250828230916-d99c68cb21b2 h1:nL5o6kp3xxiUK8pyAhT6PGsZrRe+dFOXy9BvwcSmpgw=
go.opentelemetry.io/otel/exporters/stdout/stdoutmetric v1.37.1-0.20250828230916-d99c68cb21b2/go.mod h1:MEqIhbV9cDdYnj8zTZxrUvm4pqLQMSGzWQqTJZqDvxo=
go.opentelemetry.io/otel/exporters/stdout/stdouttrace v1.37.1-0.20250828230916-d99c68cb21b2 h1:ReuAI+Mg0rLDkI5epqGvwSSwOdD+W1hx2NZE1g+b6iA=
go.opentelemetry.io/otel/exporters/stdout/stdouttrace v1.37.1-0.20250828230916-d99c68cb21b2/go.mod h1:cUz0gSTgHtucTH/rwuw6G4YsA4NZvjWJEbECs7Ww43E=
go.opentelemetry.io/otel/log v0.13.1-0.20250828230916-d99c68cb21b2 h1:j/Hbhsesf/3YLcKkwjnWLIfOQXxnFo1hlComZs8+fYI=
go.opentelemetry.io/otel/log v0.13.1-0.20250828230916-d99c68cb21b2/go.mod h1:Ai3tDAzflOn9P3Uj+rNEl8MkBIz9tGAJtn6q8WpQXKk=
go.opentelemetry.io/otel/metric v1.37.1-0.20250828230916-d99c68cb21b2 h1:785E0gvs8hRLuLSnQZ8dI+Bt3bFB6GuzUjquyN9rFAY=
go.opentelemetry.io/otel/metric v1.37.1-0.20250828230916-d99c68cb21b2/go.mod h1:ncWxQEl6A/lHaFSGN/+jmwn5I9FsHyl52VkcftzA1Ro=
go.opentelemetry.io/otel/sdk v1.37.1-0.20250828230916-d99c68cb21b2 h1:qxuhBF/aMYwZdv1O5ItjuFmCg72HjrUXhPz2tuYFaZ8=
go.opentelemetry.io/otel/sdk v1.37.1-0.20250828230916-d99c68cb21b2/go.mod h1:cU/X4V7xO0CqS6lDYizXNbwidBfGAsannA0XizhGqRY=
go.opentelemetry.io/otel/sdk/log v0.13.1-0.20250828230916-d99c68cb21b2 h1:dXM9cl50JQ8FjwCsPOZCOK5YhWXv5dJpJ+ciJe889V0=
go.opentelemetry.io/otel/sdk/log v0.13.1-0.20250828230916-d99c68cb21b2/go.mod h1:gAT4/gOVzJFgUEW11T3iSr8s8RlbXLLoMABcJv8Z1cM=
go.opentelemetry.io/otel/sdk/log/logtest v0.13.0 h1:9yio6AFZ3QD9j9oqshV1Ibm9gPLlHNxurno5BreMtIA=
go.opentelemetry.io/otel/sdk/log/logtest v0.13.0/go.mod h1:QOGiAJHl+fob8Nu85ifXfuQYmJTFAvcrxL6w5/tu168=
go.opentelemetry.io/otel/sdk/metric v1.37.1-0.20250828230916-d99c68cb21b2 h1:kcHPsGbo8LmTY5fPEQfY2CcU+jAWcRXQ5gFIKBhtFsw=
go.opentelemetry.io/otel/sdk/metric v1.37.1-0.20250828230916-d99c68cb21b2/go.mod h1:F3Hk/n0LWBsHe4VUbGvlgz9rrPAUMmAT7/Bz4BDzDGI=
go.opentelemetry.io/otel/trace v1.37.1-0.20250828230916-d99c68cb21b2 h1:HsJCTbcrHyJ8YySWoakTZs2mF4d5KR1YuHNMHl2BubM=
go.opentelemetry.io/otel/trace v1.37.1-0.20250828230916-d99c68cb21b2/go.mod h1:d0Lm7f6UprI/uh0b28CtdlrZASVERGYasf/8cp+3bzM=
go.uber.org/goleak v1.3.0 h1:2K3zAYmnTNqV73imy9J1T3WC+gmCePx2hEGkimedGto=
go.uber.org/goleak v1.3.0/go.mod h1:CoHD4mav9JJNrW/WLlf7HGZPjdw8EucARQHekz1X6bE=
golang.org/x/sys v0.35.0 h1:vz1N37gP5bs89s7He8XuIYXpyY0+QlsKmzipCbUtyxI=
golang.org/x/sys v0.35.0/go.mod h1:BJP2sWEmIv4KK5OTEluFJCKSidICx8ciO85XgH3Ak8k=
gopkg.in/yaml.v3 v3.0.1 h1:fxVm/GzAzEWqLHuvctI91KS9hhNmmWOoWu0XTYJS7CA=
gopkg.in/yaml.v3 v3.0.1/go.mod h1:K4uyk7z7BCEPqu6E+C64Yfv1cQ7kz7rIZviUmN+EgEM=
