github.com/davecgh/go-spew v1.1.1 h1:vj9j/u1bqnvCEfJOwUhtlOARqs3+rkHYY13jYWTU97c=
github.com/go-logr/logr v1.2.2/go.mod h1:jdQByPbusPIv2/zmleS9BjJVeZ6kBagPoEUsqbVz/1A=
github.com/go-logr/logr v1.2.4 h1:g01GSCwiDw2xSZfjJ2/T9M+S6pFdcNtFYsp+Y43HYDQ=
github.com/go-logr/logr v1.2.4/go.mod h1:jdQByPbusPIv2/zmleS9BjJVeZ6kBagPoEUsqbVz/1A=
github.com/go-logr/stdr v1.2.2 h1:hSWxHoqTgW2S2qGc0LTAI563KZ5YKYRhT3MFKZMbjag=
github.com/go-logr/stdr v1.2.2/go.mod h1:mMo/vtBO5dYbehREoey6XUKy/eSumjCCveDpRre4VKE=
github.com/google/go-cmp v0.5.9 h1:O2Tfq5qg4qc4AmwVlvv0oLiVAGB7enBSJ2x2DqQFi38=
github.com/pmezard/go-difflib v1.0.0 h1:4DBwDE0NGyQoBHbLQYPwSUPoCMWR5BEzIk/f1lZbAQM=
github.com/stretchr/testify v1.8.2 h1:+h33VjcLVPDHtOdpUCuF+7gSuG3yGIftsP1YvFihtJ8=
go.opentelemetry.io/otel v1.15.0-rc.2 h1:ujPMbp/CAdjMTF9E93fr6X2W7Ub2MulkQAmXcTaNkJI=
go.opentelemetry.io/otel v1.15.0-rc.2/go.mod h1:AMBt1VNvSP4KmoaUOQcTWUVj6Te4ZRmD/v3tu0vfytI=
go.opentelemetry.io/otel/exporters/stdout/stdouttrace v1.15.0-rc.2 h1:ieEvKb0r19ddpC/5QyK8BX2EnXlNfCJepdbwZsLolok=
go.opentelemetry.io/otel/exporters/stdout/stdouttrace v1.15.0-rc.2/go.mod h1:QHkHp0GE4bKZez2I0EfnXFS82oQ6rEz62hDOLfi3/Sc=
go.opentelemetry.io/otel/metric v1.15.0-rc.2 h1:MA7asjRHRgVdbvqYLQozHkxViPFZJ21qzi9IOKZVTnQ=
go.opentelemetry.io/otel/metric v1.15.0-rc.2/go.mod h1:/e8iKMaajFDmOXPoQsFrtr+B3XADzJS+HHePsQh2gGs=
go.opentelemetry.io/otel/sdk v1.15.0-rc.2 h1:4t4aauPUWLswNEUXAi5s3X94/kg7+NQY+6CeR9F6nEk=
go.opentelemetry.io/otel/sdk v1.15.0-rc.2/go.mod h1:/dv7lLx8SqyUgUxQeFeUUGvHbl45K4dssbaYjj/ObTQ=
go.opentelemetry.io/otel/trace v1.15.0-rc.2 h1:LizBnU5zjqWkHUlZu0tC2k7qICXqPCJqoDlWdc07uw8=
go.opentelemetry.io/otel/trace v1.15.0-rc.2/go.mod h1:JBu+wEp/Ra+YOzZlvPjE6raGRlrUJE/R8aW7Wucsn/o=
golang.org/x/sys v0.7.0 h1:3jlCCIQZPdOYu1h8BkNvLz8Kgwtae2cagcG/VamtZRU=
golang.org/x/sys v0.7.0/go.mod h1:oPkhp1MJrh7nUepCBck5+mAzfO9JrbApNNgaTdGDITg=
gopkg.in/yaml.v3 v3.0.1 h1:fxVm/GzAzEWqLHuvctI91KS9hhNmmWOoWu0XTYJS7CA=
