github.com/beorn7/perks v1.0.1 h1:VlbKKnNfV8bJzeqoa4cOKqO6bYr3WgKZxO8Z16+hsOM=
github.com/beorn7/perks v1.0.1/go.mod h1:G2ZrVWU2WbWT9wwq4/hrbKbnv/1ERSJQ0ibhJ6rlkpw=
github.com/cenkalti/backoff/v5 v5.0.3 h1:ZN+IMa753KfX5hd8vVaMixjnqRZ3y8CuJKRKj1xcsSM=
github.com/cenkalti/backoff/v5 v5.0.3/go.mod h1:rkhZdG3JZukswDf7f0cwqPNk4K0sa+F97BxZthm/crw=
github.com/cespare/xxhash/v2 v2.3.0 h1:UL815xU9SqsFlibzuggzjXhog7bL6oX9BbNZnL2UFvs=
github.com/cespare/xxhash/v2 v2.3.0/go.mod h1:VGX0DQ3Q6kWi7AoAeZDth3/j3BFtOZR5XLFGgcrjCOs=
github.com/davecgh/go-spew v1.1.1 h1:vj9j/u1bqnvCEfJOwUhtlOARqs3+rkHYY13jYWTU97c=
github.com/davecgh/go-spew v1.1.1/go.mod h1:J7Y8YcW2NihsgmVo/mv3lAwl/skON4iLHjSsI+c5H38=
github.com/go-logr/logr v1.2.2/go.mod h1:jdQByPbusPIv2/zmleS9BjJVeZ6kBagPoEUsqbVz/1A=
github.com/go-logr/logr v1.4.3 h1:CjnDlHq8ikf6E492q6eKboGOC0T8CDaOvkHCIg8idEI=
github.com/go-logr/logr v1.4.3/go.mod h1:9T104GzyrTigFIr8wt5mBrctHMim0Nb2HLGrmQ40KvY=
github.com/go-logr/stdr v1.2.2 h1:hSWxHoqTgW2S2qGc0LTAI563KZ5YKYRhT3MFKZMbjag=
github.com/go-logr/stdr v1.2.2/go.mod h1:mMo/vtBO5dYbehREoey6XUKy/eSumjCCveDpRre4VKE=
github.com/golang/protobuf v1.5.4 h1:i7eJL8qZTpSEXOPTxNKhASYpMn+8e5Q6AdndVa1dWek=
github.com/golang/protobuf v1.5.4/go.mod h1:lnTiLA8Wa4RWRcIUkrtSVa5nRhsEGBg48fD6rSs7xps=
github.com/google/go-cmp v0.7.0 h1:wk8382ETsv4JYUZwIsn6YpYiWiBsYLSJiTsyBybVuN8=
github.com/google/go-cmp v0.7.0/go.mod h1:pXiqmnSA92OHEEa9HXL2W4E7lf9JzCmGVUdgjX3N/iU=
github.com/google/uuid v1.6.0 h1:NIvaJDMOsjHA8n1jAhLSgzrAzy1Hgr+hNrb57e+94F0=
github.com/google/uuid v1.6.0/go.mod h1:TIyPZe4MgqvfeYDBFedMoGGpEw/LqOeaOT+nhxU+yHo=
github.com/grafana/regexp v0.0.0-20240518133315-a468a5bfb3bc h1:GN2Lv3MGO7AS6PrRoT6yV5+wkrOpcszoIsO4+4ds248=
github.com/grafana/regexp v0.0.0-20240518133315-a468a5bfb3bc/go.mod h1:+JKpmjMGhpgPL+rXZ5nsZieVzvarn86asRlBg4uNGnk=
github.com/grpc-ecosystem/grpc-gateway/v2 v2.27.2 h1:8Tjv8EJ+pM1xP8mK6egEbD1OgnVTyacbefKhmbLhIhU=
github.com/grpc-ecosystem/grpc-gateway/v2 v2.27.2/go.mod h1:pkJQ2tZHJ0aFOVEEot6oZmaVEZcRme73eIFmhiVuRWs=
github.com/klauspost/compress v1.18.0 h1:c/Cqfb0r+Yi+JtIEq73FWXVkRonBlf0CRNYc8Zttxdo=
github.com/klauspost/compress v1.18.0/go.mod h1:2Pp+KzxcywXVXMr50+X0Q/Lsb43OQHYWRCY2AiWywWQ=
github.com/kr/pretty v0.3.1 h1:flRD4NNwYAUpkphVc1HcthR4KEIFJ65n8Mw5qdRn3LE=
github.com/kr/pretty v0.3.1/go.mod h1:hoEshYVHaxMs3cyo3Yncou5ZscifuDolrwPKZanG3xk=
github.com/kr/text v0.2.0 h1:5Nx0Ya0ZqY2ygV366QzturHI13Jq95ApcVaJBhpS+AY=
github.com/kr/text v0.2.0/go.mod h1:eLer722TekiGuMkidMxC/pM04lWEeraHUUmBw8l2grE=
github.com/kylelemons/godebug v1.1.0 h1:RPNrshWIDI6G2gRW9EHilWtl7Z6Sb1BR0xunSBf0SNc=
github.com/kylelemons/godebug v1.1.0/go.mod h1:9/0rRGxNHcop5bhtWyNeEfOS8JIWk580+fNqagV/RAw=
github.com/munnerz/goautoneg v0.0.0-20191010083416-a7dc8b61c822 h1:C3w9PqII01/Oq1c1nUAm88MOHcQC9l5mIlSMApZMrHA=
github.com/munnerz/goautoneg v0.0.0-20191010083416-a7dc8b61c822/go.mod h1:+n7T8mK8HuQTcFwEeznm/DIxMOiR9yIdICNftLE1DvQ=
github.com/pmezard/go-difflib v1.0.0 h1:4DBwDE0NGyQoBHbLQYPwSUPoCMWR5BEzIk/f1lZbAQM=
github.com/pmezard/go-difflib v1.0.0/go.mod h1:iKH77koFhYxTK1pcRnkKkqfTogsbg7gZNVY4sRDYZ/4=
github.com/prometheus/client_golang v1.23.0 h1:ust4zpdl9r4trLY/gSjlm07PuiBq2ynaXXlptpfy8Uc=
github.com/prometheus/client_golang v1.23.0/go.mod h1:i/o0R9ByOnHX0McrTMTyhYvKE4haaf2mW08I+jGAjEE=
github.com/prometheus/client_model v0.6.2 h1:oBsgwpGs7iVziMvrGhE53c/GrLUsZdHnqNwqPLxwZyk=
github.com/prometheus/client_model v0.6.2/go.mod h1:y3m2F6Gdpfy6Ut/GBsUqTWZqCUvMVzSfMLjcu6wAwpE=
github.com/prometheus/common v0.65.0 h1:QDwzd+G1twt//Kwj/Ww6E9FQq1iVMmODnILtW1t2VzE=
github.com/prometheus/common v0.65.0/go.mod h1:0gZns+BLRQ3V6NdaerOhMbwwRbNh9hkGINtQAsP5GS8=
github.com/prometheus/otlptranslator v0.0.1 h1:C4HDe7bEfM6O/+9cz7l5Y12sWL9BN/QsMb9Le4/WHmA=
github.com/prometheus/otlptranslator v0.0.1/go.mod h1:P8AwMgdD7XEr6QRUJ2QWLpiAZTgTE2UYgjlu3svompI=
github.com/prometheus/procfs v0.17.0 h1:FuLQ+05u4ZI+SS/w9+BWEM2TXiHKsUQ9TADiRH7DuK0=
github.com/prometheus/procfs v0.17.0/go.mod h1:oPQLaDAMRbA+u8H5Pbfq+dl3VDAvHxMUOVhe0wYB2zw=
github.com/rogpeppe/go-internal v1.13.1 h1:KvO1DLK/DRN07sQ1LQKScxyZJuNnedQ5/wKSR38lUII=
github.com/rogpeppe/go-internal v1.13.1/go.mod h1:uMEvuHeurkdAXX61udpOXGD/AzZDWNMNyH2VO9fmH0o=
github.com/stretchr/testify v1.11.1 h1:7s2iGBzp5EwR7/aIZr8ao5+dra3wiQyKjjFuvgVKu7U=
github.com/stretchr/testify v1.11.1/go.mod h1:wZwfW3scLgRK+23gO65QZefKpKQRnfz6sD981Nm4B6U=
go.opentelemetry.io/auto/sdk v1.1.0 h1:cH53jehLUN6UFLY71z+NDOiNJqDdPRaXzTel0sJySYA=
go.opentelemetry.io/auto/sdk v1.1.0/go.mod h1:3wSPjt5PWp2RhlCcmmOial7AvC4DQqZb7a7wCow3W8A=
go.opentelemetry.io/otel v1.37.1-0.20250826062056-45bb4ba7203a h1:0ShM6gjdYudp22C3m75JBS1J9A5Ud5+o2I17XLSJ/Ro=
go.opentelemetry.io/otel v1.37.1-0.20250826062056-45bb4ba7203a/go.mod h1:J7w/YLfUzAv6TOrxvcCJh4Cawc8oiDmd8anpdugB+Z8=
go.opentelemetry.io/otel/exporters/otlp/otlplog/otlploggrpc v0.13.1-0.20250825143334-4b2bef6dd972 h1:J7qzHEKvQjpk+1PhhzZJFppDBeAF+zwJdbSSAgF8NAM=
go.opentelemetry.io/otel/exporters/otlp/otlplog/otlploggrpc v0.13.1-0.20250825143334-4b2bef6dd972/go.mod h1:0zp23FcSuWkdL1zNZalIlYxRy34Rqus9plRgphMvZ4U=
go.opentelemetry.io/otel/exporters/otlp/otlplog/otlploghttp v0.13.1-0.20250825143334-4b2bef6dd972 h1:YVQyjJ8b50SO6mBjbmB7qiZzc0OpGAOEZyGGnDsH8Ig=
go.opentelemetry.io/otel/exporters/otlp/otlplog/otlploghttp v0.13.1-0.20250825143334-4b2bef6dd972/go.mod h1:x55u8f9GLrsw6zoXR28FglUNLgAX9jIFjQV07vvvXwI=
go.opentelemetry.io/otel/exporters/otlp/otlpmetric/otlpmetricgrpc v1.37.1-0.20250825143334-4b2bef6dd972 h1:+pGvJ6asUs9SzP0CmmoxGmlc8TCamrcpcgw+mfnyLeY=
go.opentelemetry.io/otel/exporters/otlp/otlpmetric/otlpmetricgrpc v1.37.1-0.20250825143334-4b2bef6dd972/go.mod h1:fbfkWdDxpPOvq8puEa4mO8LvvzRSbQrafNrs3PXgUqE=
go.opentelemetry.io/otel/exporters/otlp/otlpmetric/otlpmetrichttp v1.37.1-0.20250825143334-4b2bef6dd972 h1:nBOzNEJx2gY1QpbIyA8p11tPgzNTUqpSGBHazx3fh4k=
go.opentelemetry.io/otel/exporters/otlp/otlpmetric/otlpmetrichttp v1.37.1-0.20250825143334-4b2bef6dd972/go.mod h1:mWLfmMS/6U+IdZlcP213tVlNN9UgUhei7e2hu4/cBcs=
go.opentelemetry.io/otel/exporters/otlp/otlptrace v1.37.1-0.20250825143334-4b2bef6dd972 h1:Cy9krt3kjJZvn4rQeusCG63GZnnX0uh9/di5WvfiQW8=
go.opentelemetry.io/otel/exporters/otlp/otlptrace v1.37.1-0.20250825143334-4b2bef6dd972/go.mod h1:b3OscuEK6vYUfgd9XxBDrpbNB8Dce6PLaiU7wExa5r4=
go.opentelemetry.io/otel/exporters/otlp/otlptrace/otlptracegrpc v1.37.1-0.20250825143334-4b2bef6dd972 h1:fF1TUmh5T9hPET+kAOJ3Ky9sBl/E3Fn0cdFqPzJpTbo=
go.opentelemetry.io/otel/exporters/otlp/otlptrace/otlptracegrpc v1.37.1-0.20250825143334-4b2bef6dd972/go.mod h1:dcD7TGJ7EZXLVwK4j4nhhaDpO2SP7/OIuS5dE8vK7Bs=
go.opentelemetry.io/otel/exporters/otlp/otlptrace/otlptracehttp v1.37.1-0.20250825143334-4b2bef6dd972 h1:IJV95ahoaW4O4pOHjoq6XZS/87SWI7e2WL1oYk8m9kQ=
go.opentelemetry.io/otel/exporters/otlp/otlptrace/otlptracehttp v1.37.1-0.20250825143334-4b2bef6dd972/go.mod h1:bDWoHOYC5ilXnVP1T5Z2kd3W1MZilDp8+8X9L1dthpk=
go.opentelemetry.io/otel/exporters/prometheus v0.59.2-0.20250825143334-4b2bef6dd972 h1:EiZW9SYzUVtOErwTFSrFUnQSlHbc+Bn1U904bAPYpu4=
go.opentelemetry.io/otel/exporters/prometheus v0.59.2-0.20250825143334-4b2bef6dd972/go.mod h1:eSMfnze+BsxSa9+XWYylx5BOxE29ua0oO4mdUWF0B90=
go.opentelemetry.io/otel/exporters/stdout/stdoutlog v0.13.1-0.20250825143334-4b2bef6dd972 h1:pGcyOX6iz9Srzx7bOu8q0PklW7smnHvc1gcdFCyLkQ0=
go.opentelemetry.io/otel/exporters/stdout/stdoutlog v0.13.1-0.20250825143334-4b2bef6dd972/go.mod h1:lGGypiTNMzB6vNSqeizdZ7DglY5eKY5LqNhuD+/+SjY=
go.opentelemetry.io/otel/exporters/stdout/stdoutmetric v1.37.1-0.20250825143334-4b2bef6dd972 h1:ZDfuHjI0tnGHptayjeRPE2T1uDjftM/Efj60t7WW0qA=
go.opentelemetry.io/otel/exporters/stdout/stdoutmetric v1.37.1-0.20250825143334-4b2bef6dd972/go.mod h1:x18TAQfRA/l0sMewODp2myLEWSl0g/p03mGQMyzG+xg=
go.opentelemetry.io/otel/exporters/stdout/stdouttrace v1.37.1-0.20250825143334-4b2bef6dd972 h1:jngbcKE96uZz1HDzfDOQI9W0Ujb/KjHP+PvNeVTVoR4=
go.opentelemetry.io/otel/exporters/stdout/stdouttrace v1.37.1-0.20250825143334-4b2bef6dd972/go.mod h1:JaZR5WLde9nRLLs8Ir2geFxDgXIK5De7bvn5Cn0d8RI=
go.opentelemetry.io/otel/log v0.13.1-0.20250825143334-4b2bef6dd972 h1:/2XCaRXwyjFjaPyPIQor7nKJMa098TeMiJLW6ypJShM=
go.opentelemetry.io/otel/log v0.13.1-0.20250825143334-4b2bef6dd972/go.mod h1:9bFxP7J+1l6VjM3pvOwUzhQ2rKTpdvCH6SVNc1oGVwo=
go.opentelemetry.io/otel/metric v1.37.1-0.20250825143334-4b2bef6dd972 h1:Ses9MS3XQAyRq7U40IB1WScF8Z6Fd6Eag/ZofHSuwyo=
go.opentelemetry.io/otel/metric v1.37.1-0.20250825143334-4b2bef6dd972/go.mod h1:P8hxjh3J3o2ZbX7CerjMN3Yc2Dh1d69EQoJzKW+Gsuk=
go.opentelemetry.io/otel/sdk v1.37.1-0.20250825143334-4b2bef6dd972 h1:2ovEBRp6rzlSKuAmi4Hs6LohtSlN49eSuLt9tcwuFNs=
go.opentelemetry.io/otel/sdk v1.37.1-0.20250825143334-4b2bef6dd972/go.mod h1:l2pJTGSCIVhlhtACp21GTb8j4lV+orenpSeeu3V2wGQ=
go.opentelemetry.io/otel/sdk/log v0.13.1-0.20250825143334-4b2bef6dd972 h1:xxlWSkbYfPEYf9d/e3fiX73R0DZzZ4U3dKkb+nQ6cbc=
go.opentelemetry.io/otel/sdk/log v0.13.1-0.20250825143334-4b2bef6dd972/go.mod h1:a4fQXd2ZLvRqyhw9tW45dN06ehahmA2KwVhgYhLxOcE=
go.opentelemetry.io/otel/sdk/log/logtest v0.13.0 h1:9yio6AFZ3QD9j9oqshV1Ibm9gPLlHNxurno5BreMtIA=
go.opentelemetry.io/otel/sdk/log/logtest v0.13.0/go.mod h1:QOGiAJHl+fob8Nu85ifXfuQYmJTFAvcrxL6w5/tu168=
go.opentelemetry.io/otel/sdk/metric v1.37.1-0.20250825143334-4b2bef6dd972 h1:tpH/6GzcHeFDXg6nJmDTB0UEilkbjm30ALR4uWkoGis=
go.opentelemetry.io/otel/sdk/metric v1.37.1-0.20250825143334-4b2bef6dd972/go.mod h1:C8nmQnD93j5qe1zO2FR+tWy5CxkNMxSNoD0IhgLC58M=
go.opentelemetry.io/otel/trace v1.37.1-0.20250825143334-4b2bef6dd972 h1:g+RW4IhcvRDgE1A8yz5m2t2tCnwvCYSz7beT0mN6FQk=
go.opentelemetry.io/otel/trace v1.37.1-0.20250825143334-4b2bef6dd972/go.mod h1:KtYKeok6UWTGH5MRO+ZxZ7Op590fcpdT+zxTzpoEhj4=
go.opentelemetry.io/proto/otlp v1.7.1 h1:gTOMpGDb0WTBOP8JaO72iL3auEZhVmAQg4ipjOVAtj4=
go.opentelemetry.io/proto/otlp v1.7.1/go.mod h1:b2rVh6rfI/s2pHWNlB7ILJcRALpcNDzKhACevjI+ZnE=
go.uber.org/goleak v1.3.0 h1:2K3zAYmnTNqV73imy9J1T3WC+gmCePx2hEGkimedGto=
go.uber.org/goleak v1.3.0/go.mod h1:CoHD4mav9JJNrW/WLlf7HGZPjdw8EucARQHekz1X6bE=
go.yaml.in/yaml/v3 v3.0.4 h1:tfq32ie2Jv2UxXFdLJdh3jXuOzWiL1fo0bu/FbuKpbc=
go.yaml.in/yaml/v3 v3.0.4/go.mod h1:DhzuOOF2ATzADvBadXxruRBLzYTpT36CKvDb3+aBEFg=
golang.org/x/net v0.43.0 h1:lat02VYK2j4aLzMzecihNvTlJNQUq316m2Mr9rnM6YE=
golang.org/x/net v0.43.0/go.mod h1:vhO1fvI4dGsIjh73sWfUVjj3N7CA9WkKJNQm2svM6Jg=
golang.org/x/sys v0.35.0 h1:vz1N37gP5bs89s7He8XuIYXpyY0+QlsKmzipCbUtyxI=
golang.org/x/sys v0.35.0/go.mod h1:BJP2sWEmIv4KK5OTEluFJCKSidICx8ciO85XgH3Ak8k=
golang.org/x/text v0.28.0 h1:rhazDwis8INMIwQ4tpjLDzUhx6RlXqZNPEM0huQojng=
golang.org/x/text v0.28.0/go.mod h1:U8nCwOR8jO/marOQ0QbDiOngZVEBB7MAiitBuMjXiNU=
gonum.org/v1/gonum v0.16.0 h1:5+ul4Swaf3ESvrOnidPp4GZbzf0mxVQpDCYUQE7OJfk=
gonum.org/v1/gonum v0.16.0/go.mod h1:fef3am4MQ93R2HHpKnLk4/Tbh/s0+wqD5nfa6Pnwy4E=
google.golang.org/genproto/googleapis/api v0.0.0-20250825161204-c5933d9347a5 h1:BIRfGDEjiHRrk0QKZe3Xv2ieMhtgRGeLcZQ0mIVn4EY=
google.golang.org/genproto/googleapis/api v0.0.0-20250825161204-c5933d9347a5/go.mod h1:j3QtIyytwqGr1JUDtYXwtMXWPKsEa5LtzIFN1Wn5WvE=
google.golang.org/genproto/googleapis/rpc v0.0.0-20250825161204-c5933d9347a5 h1:eaY8u2EuxbRv7c3NiGK0/NedzVsCcV6hDuU5qPX5EGE=
google.golang.org/genproto/googleapis/rpc v0.0.0-20250825161204-c5933d9347a5/go.mod h1:M4/wBTSeyLxupu3W3tJtOgB14jILAS/XWPSSa3TAlJc=
google.golang.org/grpc v1.75.0 h1:+TW+dqTd2Biwe6KKfhE5JpiYIBWq865PhKGSXiivqt4=
google.golang.org/grpc v1.75.0/go.mod h1:JtPAzKiq4v1xcAB2hydNlWI2RnF85XXcV0mhKXr2ecQ=
google.golang.org/protobuf v1.36.8 h1:xHScyCOEuuwZEc6UtSOvPbAT4zRh0xcNRYekJwfqyMc=
google.golang.org/protobuf v1.36.8/go.mod h1:fuxRtAxBytpl4zzqUh6/eyUujkJdNiuEkXntxiD/uRU=
gopkg.in/check.v1 v0.0.0-20161208181325-20d25e280405/go.mod h1:Co6ibVJAznAaIkqp8huTwlJQCZ016jof/cbN4VW5Yz0=
gopkg.in/check.v1 v1.0.0-20201130134442-10cb98267c6c h1:Hei/4ADfdWqJk1ZMxUNpqntNwaWcugrBjAiHlqqRiVk=
gopkg.in/check.v1 v1.0.0-20201130134442-10cb98267c6c/go.mod h1:JHkPIbrfpd72SG/EVd6muEfDQjcINNoR0C8j2r3qZ4Q=
gopkg.in/yaml.v3 v3.0.1 h1:fxVm/GzAzEWqLHuvctI91KS9hhNmmWOoWu0XTYJS7CA=
gopkg.in/yaml.v3 v3.0.1/go.mod h1:K4uyk7z7BCEPqu6E+C64Yfv1cQ7kz7rIZviUmN+EgEM=
