github.com/aws/aws-sdk-go-v2 v1.16.5/go.mod h1:Wh7MEsmEApyL5hrWzpDkba4gwAPc5/piwLVLFnCxp48=
github.com/aws/aws-sdk-go-v2 v1.16.6 h1:kzafGZYwkwVgLZ2zEX7P+vTwLli6uIMXF8aGjunN6UI=
github.com/aws/aws-sdk-go-v2 v1.16.6/go.mod h1:6CpKuLXg2w7If3ABZCl/qZ6rEgwtjZTn4eAf4RcEyuw=
github.com/aws/aws-sdk-go-v2/aws/protocol/eventstream v1.4.2 h1:LFOGNUQxc/8BlhA4FD+JdYjJKQK6tsz9Xiuh+GUTKAQ=
github.com/aws/aws-sdk-go-v2/aws/protocol/eventstream v1.4.2/go.mod h1:u/38zebMi809w7YFnqY/07Tw/FSs6DGhPD95Xiig7XQ=
github.com/aws/aws-sdk-go-v2/config v1.15.12 h1:D4mdf0cOSmZRgJe0DDOd1Qm6tkwHJ7r5i1lz0asa+AA=
github.com/aws/aws-sdk-go-v2/config v1.15.12/go.mod h1:oxRNnH11J580bxDEXyfTqfB3Auo2fxzhV052LD4HnyA=
github.com/aws/aws-sdk-go-v2/credentials v1.12.7 h1:e2DcCR0gP+T2zVj5eQPMQoRdxo+vd2p9BkpJ72BdyzA=
github.com/aws/aws-sdk-go-v2/credentials v1.12.7/go.mod h1:8b1nSHdDaKLho9VEK+K8WivifA/2K5pPm4sfI21NlQ8=
github.com/aws/aws-sdk-go-v2/feature/ec2/imds v1.12.7 h1:8yi2ORCwXpXEPnj0vP3DjYhejwDQD/5klgBoxXcKOxY=
github.com/aws/aws-sdk-go-v2/feature/ec2/imds v1.12.7/go.mod h1:81k6q0UUZj6AdQZ1E/VQ27cLrTUpJGraZR6/hVHRxjE=
github.com/aws/aws-sdk-go-v2/internal/configsources v1.1.12/go.mod h1:Afj/U8svX6sJ77Q+FPWMzabJ9QjbwP32YlopgKALUpg=
github.com/aws/aws-sdk-go-v2/internal/configsources v1.1.13 h1:WuQ1yGs3TMJgxpGVLspcsU/5q1omSA0SG6Cu0yZ4jkM=
github.com/aws/aws-sdk-go-v2/internal/configsources v1.1.13/go.mod h1:wLLesU+LdMZDM3U0PP9vZXJW39zmD/7L4nY2pSrYZ/g=
github.com/aws/aws-sdk-go-v2/internal/endpoints/v2 v2.4.6/go.mod h1:FwpAKI+FBPIELJIdmQzlLtRe8LQSOreMcM2wBsPMvvc=
github.com/aws/aws-sdk-go-v2/internal/endpoints/v2 v2.4.7 h1:mCeDDYeDXp3loo/xKi7nkx34eeh7q3n1mUBtzptsj8c=
github.com/aws/aws-sdk-go-v2/internal/endpoints/v2 v2.4.7/go.mod h1:93Uot80ddyVzSl//xEJreNKMhxntr71WtR3v/A1cRYk=
github.com/aws/aws-sdk-go-v2/internal/ini v1.3.14 h1:bJv4Y9QOiW0GZPStgLgpGrpdfRDSR3XM4V4M3YCQRZo=
github.com/aws/aws-sdk-go-v2/internal/ini v1.3.14/go.mod h1:R1HF8ZDdcRFfAGF+13En4LSHi2IrrNuPQCaxgWCeGyY=
github.com/aws/aws-sdk-go-v2/internal/v4a v1.0.3 h1:m1vDVDoNK4tZAoWtcetHopEdIeUlrNNpdLZ7cwZke6s=
github.com/aws/aws-sdk-go-v2/internal/v4a v1.0.3/go.mod h1:annFthsb7FiHQd5X9wKDNst9OJvVFY0l0LjQ8zQniJA=
github.com/aws/aws-sdk-go-v2/service/dynamodb v1.15.7 h1:Ls6kDGWNr3wxE8JypXgTTonHpQ1eRVCGNqaFHY2UASw=
github.com/aws/aws-sdk-go-v2/service/dynamodb v1.15.7/go.mod h1:+v2jeT4/39fCXUQ0ZfHQHMMiJljnmiuj16F03uAd9DY=
github.com/aws/aws-sdk-go-v2/service/internal/accept-encoding v1.9.2 h1:T/ywkX1ed+TsZVQccu/8rRJGxKZF/t0Ivgrb4MHTSeo=
github.com/aws/aws-sdk-go-v2/service/internal/accept-encoding v1.9.2/go.mod h1:RnloUnyZ4KN9JStGY1LuQ7Wzqh7V0f8FinmRdHYtuaA=
github.com/aws/aws-sdk-go-v2/service/internal/checksum v1.1.7 h1:DYUAx8lWAhIzFiD284oq6RUPKppKk3cyqv/hyUkbWuA=
github.com/aws/aws-sdk-go-v2/service/internal/checksum v1.1.7/go.mod h1:6tcs0yjwAW2Z9Yb3Z4X/2tm3u9jNox1dvXxVXTd73Zw=
github.com/aws/aws-sdk-go-v2/service/internal/endpoint-discovery v1.7.6 h1:JGrc3+kkyr848/wpG2+kWuzHK3H4Fyxj2jnXj8ijQ/Y=
github.com/aws/aws-sdk-go-v2/service/internal/endpoint-discovery v1.7.6/go.mod h1:zwvTysbXES8GDwFcwCPB8NkC+bCdio1abH+E+BRe/xg=
github.com/aws/aws-sdk-go-v2/service/internal/presigned-url v1.9.6/go.mod h1:DxAPjquoEHf3rUHh1b9+47RAaXB8/7cB6jkzCt/GOEI=
github.com/aws/aws-sdk-go-v2/service/internal/presigned-url v1.9.7 h1:M7/BzQNsu0XXiJRe3gUn8UA8tExF6kLMAfvo5PT/KJY=
github.com/aws/aws-sdk-go-v2/service/internal/presigned-url v1.9.7/go.mod h1:HvVdEh/x4jsPBsjNvDy+MH3CDCPy4gTZEzFe2r4uJY8=
github.com/aws/aws-sdk-go-v2/service/internal/s3shared v1.13.6 h1:SSrqxZVhrO371eg/C8Fnj6kduzltKHj/mJl2swkTBGc=
github.com/aws/aws-sdk-go-v2/service/internal/s3shared v1.13.6/go.mod h1:TzDyqDka0783D93yVirkcysbibVRxjX5HFJEWms4kKA=
github.com/aws/aws-sdk-go-v2/service/s3 v1.26.11 h1:Wt0512f6GfLiMd6a+NuOCC9r3/trmzHMTB697CBDUwg=
github.com/aws/aws-sdk-go-v2/service/s3 v1.26.11/go.mod h1:VMTprbiZWqW44viXgPSQhWdeZ8JTAeJwhO7OXpC/Rsg=
github.com/aws/aws-sdk-go-v2/service/sso v1.11.10 h1:icon5WWg9Yg5nkB0pJF6bfKw6M0xozukeGKSNKtnqzw=
github.com/aws/aws-sdk-go-v2/service/sso v1.11.10/go.mod h1:UHxA35uPrCykRySBV5iSPZhZRlYnWSS2c/aaZVsoU94=
github.com/aws/aws-sdk-go-v2/service/sts v1.16.8 h1:GLGfpqX+1bmjNvUJkwB1ZaDpNFXQwJ3z9RkQDA58OBY=
github.com/aws/aws-sdk-go-v2/service/sts v1.16.8/go.mod h1:50YdFq1WIuxA0AGrygvYGucnNYrG24WYzu5fNp7lMgY=
github.com/aws/smithy-go v1.11.3/go.mod h1:Tg+OJXh4MB2R/uN61Ko2f6hTZwB/ZYGOtib8J3gBHzA=
github.com/aws/smithy-go v1.12.0 h1:gXpeZel/jPoWQ7OEmLIgCUnhkFftqNfwWUwAHSlp1v0=
github.com/aws/smithy-go v1.12.0/go.mod h1:Tg+OJXh4MB2R/uN61Ko2f6hTZwB/ZYGOtib8J3gBHzA=
github.com/davecgh/go-spew v1.1.0/go.mod h1:J7Y8YcW2NihsgmVo/mv3lAwl/skON4iLHjSsI+c5H38=
github.com/davecgh/go-spew v1.1.1 h1:vj9j/u1bqnvCEfJOwUhtlOARqs3+rkHYY13jYWTU97c=
github.com/davecgh/go-spew v1.1.1/go.mod h1:J7Y8YcW2NihsgmVo/mv3lAwl/skON4iLHjSsI+c5H38=
github.com/go-logr/logr v1.2.2/go.mod h1:jdQByPbusPIv2/zmleS9BjJVeZ6kBagPoEUsqbVz/1A=
github.com/go-logr/logr v1.2.3 h1:2DntVwHkVopvECVRSlL5PSo9eG+cAkDCuckLubN+rq0=
github.com/go-logr/logr v1.2.3/go.mod h1:jdQByPbusPIv2/zmleS9BjJVeZ6kBagPoEUsqbVz/1A=
github.com/go-logr/stdr v1.2.2 h1:hSWxHoqTgW2S2qGc0LTAI563KZ5YKYRhT3MFKZMbjag=
github.com/go-logr/stdr v1.2.2/go.mod h1:mMo/vtBO5dYbehREoey6XUKy/eSumjCCveDpRre4VKE=
github.com/google/go-cmp v0.5.7/go.mod h1:n+brtR0CgQNWTVd5ZUFpTBC8YFBDLK/h/bpaJ8/DtOE=
github.com/google/go-cmp v0.5.8 h1:e6P7q2lk1O+qJJb4BtCQXlK8vWEO8V1ZeuEdJNOqZyg=
github.com/google/go-cmp v0.5.8/go.mod h1:17dUlkBOakJ0+DkrSSNjCkIjxS6bF9zb3elmeNGIjoY=
github.com/jmespath/go-jmespath v0.4.0 h1:BEgLn5cpjn8UN1mAw4NjwDrS35OdebyEtFe+9YPoQUg=
github.com/jmespath/go-jmespath v0.4.0/go.mod h1:T8mJZnbsbmF+m6zOOFylbeCJqk5+pHWvzYPziyZiYoo=
github.com/jmespath/go-jmespath/internal/testify v1.5.1 h1:shLQSRRSCCPj3f2gpwzGwWFoC7ycTf1rcQZHOlsJ6N8=
github.com/jmespath/go-jmespath/internal/testify v1.5.1/go.mod h1:L3OGu8Wl2/fWfCI6z80xFu9LTZmf1ZRjMHUOPmWr69U=
github.com/pmezard/go-difflib v1.0.0 h1:4DBwDE0NGyQoBHbLQYPwSUPoCMWR5BEzIk/f1lZbAQM=
github.com/pmezard/go-difflib v1.0.0/go.mod h1:iKH77koFhYxTK1pcRnkKkqfTogsbg7gZNVY4sRDYZ/4=
github.com/stretchr/objx v0.1.0/go.mod h1:HFkY916IF+rwdDfMAkV7OtwuqBVzrE8GR6GFx+wExME=
github.com/stretchr/objx v0.4.0/go.mod h1:YvHI0jy2hoMjB+UWwv71VJQ9isScKT/TqJzVSSt89Yw=
github.com/stretchr/testify v1.7.1/go.mod h1:6Fq8oRcR53rry900zMqJjRRixrwX3KX962/h/Wwjteg=
github.com/stretchr/testify v1.7.5 h1:s5PTfem8p8EbKQOctVV53k6jCJt3UX4IEJzwh+C324Q=
github.com/stretchr/testify v1.7.5/go.mod h1:yNjHg4UonilssWZ8iaSj1OCr/vHnekPRkoO+kdMU+MU=
go.opentelemetry.io/otel v1.7.0 h1:Z2lA3Tdch0iDcrhJXDIlC94XE+bxok1F9B+4Lz/lGsM=
go.opentelemetry.io/otel v1.7.0/go.mod h1:5BdUoMIz5WEs0vt0CUEMtSSaTSHBBVwrhnz7+nrD5xk=
go.opentelemetry.io/otel/exporters/stdout/stdouttrace v1.7.0 h1:8hPcgCg0rUJiKE6VWahRvjgLUrNl7rW2hffUEPKXVEM=
go.opentelemetry.io/otel/exporters/stdout/stdouttrace v1.7.0/go.mod h1:K4GDXPY6TjUiwbOh+DkKaEdCF8y+lvMoM6SeAPyfCCM=
go.opentelemetry.io/otel/sdk v1.7.0 h1:4OmStpcKVOfvDOgCt7UriAPtKolwIhxpnSNI/yK+1B0=
go.opentelemetry.io/otel/sdk v1.7.0/go.mod h1:uTEOTwaqIVuTGiJN7ii13Ibp75wJmYUDe374q6cZwUU=
go.opentelemetry.io/otel/trace v1.7.0 h1:O37Iogk1lEkMRXewVtZ1BBTVn5JEp8GrJvP92bJqC6o=
go.opentelemetry.io/otel/trace v1.7.0/go.mod h1:fzLSB9nqR2eXzxPXb2JW9IKE+ScyXA48yyE4TNvoHqU=
golang.org/x/sys v0.0.0-20210423185535-09eb48e85fd7/go.mod h1:h1NjWce9XRLGQEsW7wpKNCjG9DtNlClVuFLEZdDNbEs=
golang.org/x/sys v0.0.0-20220319134239-a9b59b0215f8 h1:OH54vjqzRWmbJ62fjuhxy7AxFFgoHN0/DPc/UrL8cAs=
golang.org/x/sys v0.0.0-20220319134239-a9b59b0215f8/go.mod h1:oPkhp1MJrh7nUepCBck5+mAzfO9JrbApNNgaTdGDITg=
golang.org/x/xerrors v0.0.0-20191204190536-9bdfabe68543/go.mod h1:I/5z698sn9Ka8TeJc9MKroUUfqBBauWjQqLJ2OPfmY0=
gopkg.in/check.v1 v0.0.0-20161208181325-20d25e280405/go.mod h1:Co6ibVJAznAaIkqp8huTwlJQCZ016jof/cbN4VW5Yz0=
gopkg.in/yaml.v2 v2.2.8 h1:obN1ZagJSUGI0Ek/LBmuj4SNLPfIny3KsKFopxRdj10=
gopkg.in/yaml.v2 v2.2.8/go.mod h1:hI93XBmqTisBFMUTm0b8Fm+jr3Dg1NNxqwp+5A1VGuI=
gopkg.in/yaml.v3 v3.0.0-20200313102051-9f266ea9e77c/go.mod h1:K4uyk7z7BCEPqu6E+C64Yfv1cQ7kz7rIZviUmN+EgEM=
gopkg.in/yaml.v3 v3.0.1 h1:fxVm/GzAzEWqLHuvctI91KS9hhNmmWOoWu0XTYJS7CA=
gopkg.in/yaml.v3 v3.0.1/go.mod h1:K4uyk7z7BCEPqu6E+C64Yfv1cQ7kz7rIZviUmN+EgEM=
