github.com/aws/aws-sdk-go-v2 v1.37.0 h1:YtCOESR/pN4j5oA7cVHSfOwIcuh/KwHC4DOSXFbv5F0=
github.com/aws/aws-sdk-go-v2 v1.37.0/go.mod h1:9Q0OoGQoboYIAJyslFyF1f5K1Ryddop8gqMhWx/n4Wg=
github.com/aws/aws-sdk-go-v2/aws/protocol/eventstream v1.7.0 h1:6GMWV6CNpA/6fbFHnoAjrv4+LGfyTqZz2LtCHnspgDg=
github.com/aws/aws-sdk-go-v2/aws/protocol/eventstream v1.7.0/go.mod h1:/mXlTIVG9jbxkqDnr5UQNQxW1HRYxeGklkM9vAFeabg=
github.com/aws/aws-sdk-go-v2/config v1.30.1 h1:sHL8g/+9tcZATeV2tEkEfxZeaNokDtKsSjGMGHD49qA=
github.com/aws/aws-sdk-go-v2/config v1.30.1/go.mod h1:wkibEyFfxXRyTSzRU4bbF5IUsSXyE4xQ4ZjkGmi5tFo=
github.com/aws/aws-sdk-go-v2/credentials v1.18.1 h1:E55xvOqlX7CvB66Z7rSM9usCrFU1ryUIUHqiXsEzVoE=
github.com/aws/aws-sdk-go-v2/credentials v1.18.1/go.mod h1:iobSQfR5MkvILxssGOvi/P1jjOhrRzfTiCPCzku0vx4=
github.com/aws/aws-sdk-go-v2/feature/ec2/imds v1.18.0 h1:9sBTeKQwAvmJUWKIACIoiFSnxxl+sS++YDfr17/ngq0=
github.com/aws/aws-sdk-go-v2/feature/ec2/imds v1.18.0/go.mod h1:LW9/PxQD1SYFC7pnWcgqPhoyZprhjEdg5hBK6qYPLW8=
github.com/aws/aws-sdk-go-v2/internal/configsources v1.4.0 h1:H2iZoqW/v2Jnrh1FnU725Bq6KJ0k2uP63yH+DcY+HUI=
github.com/aws/aws-sdk-go-v2/internal/configsources v1.4.0/go.mod h1:L0FqLbwMXHvNC/7crWV1iIxUlOKYZUE8KuTIA+TozAI=
github.com/aws/aws-sdk-go-v2/internal/endpoints/v2 v2.7.0 h1:EDped/rNzAhFPhVY0sDGbtD16OKqksfA8OjF/kLEgw8=
github.com/aws/aws-sdk-go-v2/internal/endpoints/v2 v2.7.0/go.mod h1:uUI335jvzpZRPpjYx6ODc/wg1qH+NnoSTK/FwVeK0C0=
github.com/aws/aws-sdk-go-v2/internal/ini v1.8.3 h1:bIqFDwgGXXN1Kpp99pDOdKMTTb5d2KyU5X/BZxjOkRo=
github.com/aws/aws-sdk-go-v2/internal/ini v1.8.3/go.mod h1:H5O/EsxDWyU+LP/V8i5sm8cxoZgc2fdNR9bxlOFrQTo=
github.com/aws/aws-sdk-go-v2/internal/v4a v1.4.0 h1:iLvW/zOkHGU3BDU5thWnj+UZ9pjhuVhv1loLj7yVtBw=
github.com/aws/aws-sdk-go-v2/internal/v4a v1.4.0/go.mod h1:Fn3gvhdF1x5Rs9nUoCy/fJT1ms8f8dO7RqM9lJHuazQ=
github.com/aws/aws-sdk-go-v2/service/dynamodb v1.45.0 h1:b71OPISZ5Tj4ehCRJKnabIq2U68pldgKqhiUMHnVNQ4=
github.com/aws/aws-sdk-go-v2/service/dynamodb v1.45.0/go.mod h1:+ZRTIYCk/PNwz8+ZGLBzvFu7Nl1/w7phtbEZFlvOZWc=
github.com/aws/aws-sdk-go-v2/service/internal/accept-encoding v1.13.0 h1:6+lZi2JeGKtCraAj1rpoZfKqnQ9SptseRZioejfUOLM=
github.com/aws/aws-sdk-go-v2/service/internal/accept-encoding v1.13.0/go.mod h1:eb3gfbVIxIoGgJsi9pGne19dhCBpK6opTYpQqAmdy44=
github.com/aws/aws-sdk-go-v2/service/internal/checksum v1.8.0 h1:qGyLBQPphYzUf+IIlb5tHnvg1U2Vc5hXPcP7oRSQfy0=
github.com/aws/aws-sdk-go-v2/service/internal/checksum v1.8.0/go.mod h1:g+dzKSLXiR/8ATkPXmLhPOI6rDdjLP3tngeo3FvDcIw=
github.com/aws/aws-sdk-go-v2/service/internal/endpoint-discovery v1.11.0 h1:d/XdC88Wp2JVsomt1yw+nQgAX42fYwZlEK4K4zzHZuA=
github.com/aws/aws-sdk-go-v2/service/internal/endpoint-discovery v1.11.0/go.mod h1:ZfRwNlclmR48RAgflKBOi43bY1MjvraHZPsG3A/i0iw=
github.com/aws/aws-sdk-go-v2/service/internal/presigned-url v1.13.0 h1:eRhU3Sh8dGbaniI6B+I48XJMrTPRkK4DKo+vqIxziOU=
github.com/aws/aws-sdk-go-v2/service/internal/presigned-url v1.13.0/go.mod h1:paNLV18DZ6FnWE/bd06RIKPDIFpjuvCkGKWTG/GDBeM=
github.com/aws/aws-sdk-go-v2/service/internal/s3shared v1.19.0 h1:6jusT+XCcvnD+Elxvm7bUf5sCMTpZEp3AKjYQ4tWJSo=
github.com/aws/aws-sdk-go-v2/service/internal/s3shared v1.19.0/go.mod h1:LimGpdIF/sTBdgqwOEkrArXLCoTamK/9L9x8IKBFTIc=
github.com/aws/aws-sdk-go-v2/service/route53 v1.54.0 h1:U//4kAneirDM8j96Vbzjf53y+WW42rsgOqJUKtifY3o=
github.com/aws/aws-sdk-go-v2/service/route53 v1.54.0/go.mod h1:O3OQTni2n6Es64qG8eOjT7ST3sg40+O3SoPHaw42uHQ=
github.com/aws/aws-sdk-go-v2/service/s3 v1.85.0 h1:gAV4NEp4A+JOrIdoXkAeyy6IOo7+X2s/jRuaHKYiMaU=
github.com/aws/aws-sdk-go-v2/service/s3 v1.85.0/go.mod h1:JIQwK8sZ5MuKGm5rrFwp9MHUcyYEsQNpVixuPDlnwaU=
github.com/aws/aws-sdk-go-v2/service/sns v1.35.0 h1:5/RoSyuSK0m7JaCL9dE0srXVRwsKUQyBobd0WBcR1RU=
github.com/aws/aws-sdk-go-v2/service/sns v1.35.0/go.mod h1:hBuVN2n4PF8FXQsjl9FLiwPr5d4vrYBuoZ0ugwoFtfc=
github.com/aws/aws-sdk-go-v2/service/sqs v1.39.0 h1:i/RufAS5Qy+fEMF9A/PpIBXCtu1otrrGLlI3V3a2+ko=
github.com/aws/aws-sdk-go-v2/service/sqs v1.39.0/go.mod h1:d+t4DavxGo524hNXZugRjOmnofs+NKW2tu43KMzo+rQ=
github.com/aws/aws-sdk-go-v2/service/sso v1.26.0 h1:cuFWHH87GP1NBGXXfMicUbE7Oty5KpPxN6w4JpmuxYc=
github.com/aws/aws-sdk-go-v2/service/sso v1.26.0/go.mod h1:aJBemdlbCKyOXEXdXBqS7E+8S9XTDcOTaoOjtng54hA=
github.com/aws/aws-sdk-go-v2/service/ssooidc v1.31.0 h1:t2va+wewPOYIqC6XyJ4MGjiGKkczMAPsgq5W4FtL9ME=
github.com/aws/aws-sdk-go-v2/service/ssooidc v1.31.0/go.mod h1:ExCTcqYqN0hYYRsDlBVU8+68grqlWdgX9/nZJwQW4aY=
github.com/aws/aws-sdk-go-v2/service/sts v1.35.0 h1:FD9agdG4CeOGS3ORLByJk56YIXDS7mxFpmZyCtpqExc=
github.com/aws/aws-sdk-go-v2/service/sts v1.35.0/go.mod h1:NDzDPbBF1xtSTZUMuZx0w3hIfWzcL7X2AQ0Tr9becIQ=
github.com/aws/smithy-go v1.22.5 h1:P9ATCXPMb2mPjYBgueqJNCA5S9UfktsW0tTxi+a7eqw=
github.com/aws/smithy-go v1.22.5/go.mod h1:t1ufH5HMublsJYulve2RKmHDC15xu1f26kHCp/HgceI=
github.com/davecgh/go-spew v1.1.1 h1:vj9j/u1bqnvCEfJOwUhtlOARqs3+rkHYY13jYWTU97c=
github.com/davecgh/go-spew v1.1.1/go.mod h1:J7Y8YcW2NihsgmVo/mv3lAwl/skON4iLHjSsI+c5H38=
github.com/go-logr/logr v1.2.2/go.mod h1:jdQByPbusPIv2/zmleS9BjJVeZ6kBagPoEUsqbVz/1A=
github.com/go-logr/logr v1.4.3 h1:CjnDlHq8ikf6E492q6eKboGOC0T8CDaOvkHCIg8idEI=
github.com/go-logr/logr v1.4.3/go.mod h1:9T104GzyrTigFIr8wt5mBrctHMim0Nb2HLGrmQ40KvY=
github.com/go-logr/stdr v1.2.2 h1:hSWxHoqTgW2S2qGc0LTAI563KZ5YKYRhT3MFKZMbjag=
github.com/go-logr/stdr v1.2.2/go.mod h1:mMo/vtBO5dYbehREoey6XUKy/eSumjCCveDpRre4VKE=
github.com/google/go-cmp v0.7.0 h1:wk8382ETsv4JYUZwIsn6YpYiWiBsYLSJiTsyBybVuN8=
github.com/google/go-cmp v0.7.0/go.mod h1:pXiqmnSA92OHEEa9HXL2W4E7lf9JzCmGVUdgjX3N/iU=
github.com/google/uuid v1.6.0 h1:NIvaJDMOsjHA8n1jAhLSgzrAzy1Hgr+hNrb57e+94F0=
github.com/google/uuid v1.6.0/go.mod h1:TIyPZe4MgqvfeYDBFedMoGGpEw/LqOeaOT+nhxU+yHo=
github.com/pmezard/go-difflib v1.0.0 h1:4DBwDE0NGyQoBHbLQYPwSUPoCMWR5BEzIk/f1lZbAQM=
github.com/pmezard/go-difflib v1.0.0/go.mod h1:iKH77koFhYxTK1pcRnkKkqfTogsbg7gZNVY4sRDYZ/4=
github.com/stretchr/testify v1.10.0 h1:Xv5erBjTwe/5IxqUQTdXv5kgmIvbHo3QQyRwhJsOfJA=
github.com/stretchr/testify v1.10.0/go.mod h1:r2ic/lqez/lEtzL7wO/rwa5dbSLXVDPFyf8C91i36aY=
go.opentelemetry.io/auto/sdk v1.1.0 h1:cH53jehLUN6UFLY71z+NDOiNJqDdPRaXzTel0sJySYA=
go.opentelemetry.io/auto/sdk v1.1.0/go.mod h1:3wSPjt5PWp2RhlCcmmOial7AvC4DQqZb7a7wCow3W8A=
go.opentelemetry.io/otel v1.37.0 h1:9zhNfelUvx0KBfu/gb+ZgeAfAgtWrfHJZcAqFC228wQ=
go.opentelemetry.io/otel v1.37.0/go.mod h1:ehE/umFRLnuLa/vSccNq9oS1ErUlkkK71gMcN34UG8I=
go.opentelemetry.io/otel/exporters/stdout/stdouttrace v1.37.0 h1:SNhVp/9q4Go/XHBkQ1/d5u9P/U+L1yaGPoi0x+mStaI=
go.opentelemetry.io/otel/exporters/stdout/stdouttrace v1.37.0/go.mod h1:tx8OOlGH6R4kLV67YaYO44GFXloEjGPZuMjEkaaqIp4=
go.opentelemetry.io/otel/metric v1.37.0 h1:mvwbQS5m0tbmqML4NqK+e3aDiO02vsf/WgbsdpcPoZE=
go.opentelemetry.io/otel/metric v1.37.0/go.mod h1:04wGrZurHYKOc+RKeye86GwKiTb9FKm1WHtO+4EVr2E=
go.opentelemetry.io/otel/sdk v1.37.0 h1:ItB0QUqnjesGRvNcmAcU0LyvkVyGJ2xftD29bWdDvKI=
go.opentelemetry.io/otel/sdk v1.37.0/go.mod h1:VredYzxUvuo2q3WRcDnKDjbdvmO0sCzOvVAiY+yUkAg=
go.opentelemetry.io/otel/trace v1.37.0 h1:HLdcFNbRQBE2imdSEgm/kwqmQj1Or1l/7bW6mxVK7z4=
go.opentelemetry.io/otel/trace v1.37.0/go.mod h1:TlgrlQ+PtQO5XFerSPUYG0JSgGyryXewPGyayAWSBS0=
go.uber.org/goleak v1.3.0 h1:2K3zAYmnTNqV73imy9J1T3WC+gmCePx2hEGkimedGto=
go.uber.org/goleak v1.3.0/go.mod h1:CoHD4mav9JJNrW/WLlf7HGZPjdw8EucARQHekz1X6bE=
golang.org/x/sys v0.34.0 h1:H5Y5sJ2L2JRdyv7ROF1he/lPdvFsd0mJHFw2ThKHxLA=
golang.org/x/sys v0.34.0/go.mod h1:BJP2sWEmIv4KK5OTEluFJCKSidICx8ciO85XgH3Ak8k=
gopkg.in/yaml.v3 v3.0.1 h1:fxVm/GzAzEWqLHuvctI91KS9hhNmmWOoWu0XTYJS7CA=
gopkg.in/yaml.v3 v3.0.1/go.mod h1:K4uyk7z7BCEPqu6E+C64Yfv1cQ7kz7rIZviUmN+EgEM=
