github.com/DataDog/datadog-go v3.7.2+incompatible h1:o4QtYjBU/rG58VPh8Ne6F65YiMY5/v5q4WdY/HvRYMQ=
github.com/DataDog/datadog-go v3.7.2+incompatible/go.mod h1:LButxg5PwREeZtORoXG3tL4fMGNddJ+vMq1mwgfaqoQ=
github.com/benbjohnson/clock v1.1.0 h1:Q92kusRqC1XV2MjkWETPvjJVqKetz1OzxZB7mHJLju8=
github.com/benbjohnson/clock v1.1.0/go.mod h1:J11/hYXuz8f4ySSvYwY0FKfm+ezbsZBKZxNJlLklBHA=
github.com/davecgh/go-spew v1.1.0 h1:ZDRjVQ15GmhC3fiQ8ni8+OwkZQO4DARzQgrnXU1Liz8=
github.com/davecgh/go-spew v1.1.0/go.mod h1:J7Y8YcW2NihsgmVo/mv3lAwl/skON4iLHjSsI+c5H38=
github.com/google/go-cmp v0.5.6 h1:BKbKCqvP6I+rmFHt06ZmyQtvB8xAkWdhFyr0ZUNZcxQ=
github.com/google/go-cmp v0.5.6/go.mod h1:v8dTdLbMG2kIc/vJvl+f65V22dbkXbowE6jgT/gNBxE=
github.com/pmezard/go-difflib v1.0.0 h1:4DBwDE0NGyQoBHbLQYPwSUPoCMWR5BEzIk/f1lZbAQM=
github.com/pmezard/go-difflib v1.0.0/go.mod h1:iKH77koFhYxTK1pcRnkKkqfTogsbg7gZNVY4sRDYZ/4=
github.com/stretchr/objx v0.1.0 h1:4G4v2dO3VZwixGIRoQ5Lfboy6nUhCyYzaqnIAPPhYs4=
github.com/stretchr/objx v0.1.0/go.mod h1:HFkY916IF+rwdDfMAkV7OtwuqBVzrE8GR6GFx+wExME=
github.com/stretchr/testify v1.7.0 h1:nwc3DEeHmmLAfoZucVR881uASk0Mfjw8xYJ99tb5CcY=
github.com/stretchr/testify v1.7.0/go.mod h1:6Fq8oRcR53rry900zMqJjRRixrwX3KX962/h/Wwjteg=
go.opentelemetry.io/otel v1.0.0-RC1/go.mod h1:x9tRa9HK4hSSq7jf2TKbqFbtt58/TGk0f9XiEYISI1I=
go.opentelemetry.io/otel v1.0.0-RC3 h1:kvwiyEkiUT/JaadXzVLI/R1wDO934A7r3Bs2wEe6wqA=
go.opentelemetry.io/otel v1.0.0-RC3/go.mod h1:Ka5j3ua8tZs4Rkq4Ex3hwgBgOchyPVq5S6P2lz//nKQ=
go.opentelemetry.io/otel/internal/metric v0.22.0 h1:Q9bS02XRykSRIbggaU4hVF9oWOP9PyILu26zJWoKmk0=
go.opentelemetry.io/otel/internal/metric v0.22.0/go.mod h1:7qVuMihW/ktMonEfOvBXuh6tfMvvEyoIDgeJNRloYbQ=
go.opentelemetry.io/otel/metric v0.22.0 h1:/qv10BzznqEifrXBwsTT370OCN1PRgt+mnjzMwxJKrQ=
go.opentelemetry.io/otel/metric v0.22.0/go.mod h1:KcsUkBiYGW003DJ+ugd2aqIRIfjabD9jeOUXqsAtrq0=
go.opentelemetry.io/otel/oteltest v1.0.0-RC1/go.mod h1:+eoIG0gdEOaPNftuy1YScLr1Gb4mL/9lpDkZ0JjMRq4=
go.opentelemetry.io/otel/sdk v1.0.0-RC1 h1:Sy2VLOOg24bipyC29PhuMXYNJrLsxkie8hyI7kUlG9Q=
go.opentelemetry.io/otel/sdk v1.0.0-RC1/go.mod h1:kj6yPn7Pgt5ByRuwesbaWcRLA+V7BSDg3Hf8xRvsvf8=
go.opentelemetry.io/otel/sdk/export/metric v0.22.0 h1:6huidwh9LZi/+lvFw7EQ+m+pVmlfhOMd9s9PmTXAgeo=
go.opentelemetry.io/otel/sdk/export/metric v0.22.0/go.mod h1:a14rf2CiHSn9xjB6cHuv0HoZGl5C4w2PAgl+Lja1VzU=
go.opentelemetry.io/otel/sdk/metric v0.22.0 h1:ZBagqeLlTgEmvxtaN3GkvmbmG+XWKDwS+amr8EsSMDo=
go.opentelemetry.io/otel/sdk/metric v0.22.0/go.mod h1:LzkI0G0z6KhEagqmzgk3bw/dglE2Tk2OXs455UMcI0s=
go.opentelemetry.io/otel/trace v1.0.0-RC1/go.mod h1:86UHmyHWFEtWjfWPSbu0+d0Pf9Q6e1U+3ViBOc+NXAg=
go.opentelemetry.io/otel/trace v1.0.0-RC3 h1:9F0ayEvlxv8BmNmPbU005WK7hC+7KbOazCPZjNa1yME=
go.opentelemetry.io/otel/trace v1.0.0-RC3/go.mod h1:VUt2TUYd8S2/ZRX09ZDFZQwn2RqfMB5MzO17jBojGxo=
golang.org/x/xerrors v0.0.0-20191204190536-9bdfabe68543 h1:E7g+9GITq07hpfrRu66IVDexMakfv52eLZ2CXBWiKr4=
golang.org/x/xerrors v0.0.0-20191204190536-9bdfabe68543/go.mod h1:I/5z698sn9Ka8TeJc9MKroUUfqBBauWjQqLJ2OPfmY0=
gopkg.in/check.v1 v0.0.0-20161208181325-20d25e280405 h1:yhCVgyC4o1eVCa2tZl7eS0r+SDo693bJlVdllGtEeKM=
gopkg.in/check.v1 v0.0.0-20161208181325-20d25e280405/go.mod h1:Co6ibVJAznAaIkqp8huTwlJQCZ016jof/cbN4VW5Yz0=
gopkg.in/yaml.v3 v3.0.0-20200313102051-9f266ea9e77c h1:dUUwHk2QECo/6vqA44rthZ8ie2QXMNeKRTHCNY2nXvo=
gopkg.in/yaml.v3 v3.0.0-20200313102051-9f266ea9e77c/go.mod h1:K4uyk7z7BCEPqu6E+C64Yfv1cQ7kz7rIZviUmN+EgEM=
