github.com/aws/aws-lambda-go v1.54.0 h1:EGYpdyRGF88xszqlGcBewz811mJeRS+maNlLZXFheII=
github.com/aws/aws-lambda-go v1.54.0/go.mod h1:dpMpZgvWx5vuQJfBt0zqBha60q7Dd7RfgJv23DymV8A=
github.com/aws/aws-sdk-go-v2 v1.43.8 h1:fpnrxwuwsoGIgjvgLeDU3y9w7YaHBxyF6AF3vQL8duw=
github.com/aws/aws-sdk-go-v2 v1.43.8/go.mod h1:j7gYSq8dL95QejkFXxvQNESH4I9WGHFI6iO+vhqEi5Q=
github.com/aws/aws-sdk-go-v2/aws/protocol/eventstream v1.7.19 h1:56S0VBF43Kvy2YiWkZe65Uj5rpvW1LLnHBUBg8jlxuQ=
github.com/aws/aws-sdk-go-v2/aws/protocol/eventstream v1.7.19/go.mod h1:n1TtGWnXCj/kl11tMcNN2aeS95u01phKYgE39N5HHfM=
github.com/aws/aws-sdk-go-v2/config v1.32.39 h1:3TYUWYWawsE9KF02G3dA7vsbwoCphyGOpFFEUugRs/4=
github.com/aws/aws-sdk-go-v2/config v1.32.39/go.mod h1:/lPP/ciQurgJa6l6mbBX+b5MB1qaLrC9dd3YHtGvrhk=
github.com/aws/aws-sdk-go-v2/credentials v1.19.38 h1:Xf8j1+vzwPRCta9pFXjj0677BzXrRO2JbpAVNcdXnnI=
github.com/aws/aws-sdk-go-v2/credentials v1.19.38/go.mod h1:PGYzFTznwRAJ2q0m+oX+P8SlfZQKpBAKQCokNuMl3Sg=
github.com/aws/aws-sdk-go-v2/feature/ec2/imds v1.18.39 h1:9GLrXl8PKQ3+bMniXFg3vliMWJ+204bFcIvBCwJFglc=
github.com/aws/aws-sdk-go-v2/feature/ec2/imds v1.18.39/go.mod h1:MmlE5TLgq7+QbXKKUSzqUz4h0Uu5kz2SEe6iPX+ZFHI=
github.com/aws/aws-sdk-go-v2/internal/configsources v1.4.39 h1:YrEI22hVQcqMpq934ZoPQyJjGNzX4CGdrSDCjBD59sI=
github.com/aws/aws-sdk-go-v2/internal/configsources v1.4.39/go.mod h1:N8qOX83LkaCeizvrfiNjwkBOXkxHt6a74CiZn8qz9F8=
github.com/aws/aws-sdk-go-v2/internal/endpoints/v2 v2.7.39 h1:Vo7UZzBjB6zS6feEOuBlpEgaj8iBTdiNlye+7w9ooGo=
github.com/aws/aws-sdk-go-v2/internal/endpoints/v2 v2.7.39/go.mod h1:JgxtAO/77e95Rs9WMWUzz99hT182gqdAh7/DHuEMA/k=
github.com/aws/aws-sdk-go-v2/internal/v4a v1.4.40 h1:oofDq8Y5M82fmDrxb8gsbP0LS73MqZ388qKVgs5ETYI=
github.com/aws/aws-sdk-go-v2/internal/v4a v1.4.40/go.mod h1:LSfLmbvx50+T+/DoUZRqB1qS38v7lvNUebqIpidAWYM=
github.com/aws/aws-sdk-go-v2/service/dynamodb v1.63.5 h1:wwep1P9i7Y/a4XoQ7a56z08qz5nKMpVkNEu+PP2jqB0=
github.com/aws/aws-sdk-go-v2/service/dynamodb v1.63.5/go.mod h1:Rbn2ajdtNJUAyT6usnf8H2Ce2gJRXUn59VunT7WHUv4=
github.com/aws/aws-sdk-go-v2/service/internal/accept-encoding v1.13.18 h1:+fiwOxNdE8bOK3SoVTln8hwP+OCyArbi2/InIr/A9AU=
github.com/aws/aws-sdk-go-v2/service/internal/accept-encoding v1.13.18/go.mod h1:aua4m7EZSvQra/96b8zJxWHwtHxuXQ8bx4DiM92V044=
github.com/aws/aws-sdk-go-v2/service/internal/checksum v1.9.32 h1:GDKKLoFujnrZkWJAbfgDvX2cb0TP73JeQQc9fVK4BfE=
github.com/aws/aws-sdk-go-v2/service/internal/checksum v1.9.32/go.mod h1:wQJ9fj9RPoeHImfpG4NwPInNpwamTI539nK8bFMX+ew=
github.com/aws/aws-sdk-go-v2/service/internal/endpoint-discovery v1.12.16 h1:+gyp0vJ16wa66r9sWLkMwDyIa9InZCE0m0kF/yNap8M=
github.com/aws/aws-sdk-go-v2/service/internal/endpoint-discovery v1.12.16/go.mod h1:55cSb9T0HNlS12RPOuRZqVmFpo3wbhFoc21Fgpf430k=
github.com/aws/aws-sdk-go-v2/service/internal/presigned-url v1.13.39 h1:inoUrqz4Lfpw1XwpUvQnBiAJ2tUzn3opZ0gduNLxo+8=
github.com/aws/aws-sdk-go-v2/service/internal/presigned-url v1.13.39/go.mod h1:Yx+RrmAF+XGZTccwhQ3o4K5V8qkZBsTAcq148Y8g57k=
github.com/aws/aws-sdk-go-v2/service/internal/s3shared v1.19.40 h1:omoUTxUzc1jb9yMa+7Y86R+/8MzsdjrR/juI60b4RLc=
github.com/aws/aws-sdk-go-v2/service/internal/s3shared v1.19.40/go.mod h1:ZP7gNAEnLFigr5CEX5tdU7xWbj52noH2m8IAeIhFgCY=
github.com/aws/aws-sdk-go-v2/service/route53 v1.65.10 h1:8DaAa7LNudNOcUOjVGe9pEqYs1ASbryLS2bvrrPOXrA=
github.com/aws/aws-sdk-go-v2/service/route53 v1.65.10/go.mod h1:6amAo95XiktlgMb0blErtqRNw2+Lhz2pJsE1tNDQgUU=
github.com/aws/aws-sdk-go-v2/service/s3 v1.107.4 h1:R1hIw5Z7OqINqgYo5LykHQo2BWbcflFzGaonJgNkbao=
github.com/aws/aws-sdk-go-v2/service/s3 v1.107.4/go.mod h1:oinlf/VTl4hAUctSvIaOPKOZbckTIaWzYj96MRbPKb4=
github.com/aws/aws-sdk-go-v2/service/signin v1.5.8 h1:bghrxelVQpGurGI1X94BT68h6p+hWQnlsu8nSmiSll4=
github.com/aws/aws-sdk-go-v2/service/signin v1.5.8/go.mod h1:gkwdIl9w+6LFKlGRLz3+Dw+cudc9dD1ViMDhHGmzOgk=
github.com/aws/aws-sdk-go-v2/service/sns v1.42.8 h1:mD0Wp/ZWkyEhmZPJ3Egp2dZSNoxuWI3L0SIRtbm8rRM=
github.com/aws/aws-sdk-go-v2/service/sns v1.42.8/go.mod h1:R3ZSE4j64E01oumrJZ9kbTn5v6hqlmxSbfmcM1n1MrI=
github.com/aws/aws-sdk-go-v2/service/sqs v1.46.8 h1:Ov9kTwxRwTQxcVmbHyGUkEG5NpqI3CY+35RKZtX+m14=
github.com/aws/aws-sdk-go-v2/service/sqs v1.46.8/go.mod h1:Tum6/fLTvRpqnMz5SledUgyEAMUp0Ah8jWlS8FOj6H4=
github.com/aws/aws-sdk-go-v2/service/sso v1.33.8 h1:/DbiPZ8maO03uFnXa6yEhFdWOTA5xObmGNfaEzt9Cac=
github.com/aws/aws-sdk-go-v2/service/sso v1.33.8/go.mod h1:mUywXl2WlN+gZD0vNeg1Hn0EMOifDQ79StJcdqXHkXo=
github.com/aws/aws-sdk-go-v2/service/ssooidc v1.38.8 h1:wv4pCyq/LkBYc5R4m/g5S+uGqF/DbL+bp9VXiQEnec4=
github.com/aws/aws-sdk-go-v2/service/ssooidc v1.38.8/go.mod h1:9AKVT0vADSCPXRuoZjziHwsbdLDFMGRExwWBQourCa8=
github.com/aws/aws-sdk-go-v2/service/sts v1.45.8 h1:oQrmuqpBAExYPEPJp8dkj9KLmc0y42iwvAV28OwlzF0=
github.com/aws/aws-sdk-go-v2/service/sts v1.45.8/go.mod h1:qNTXKrmzx2cC6VmM7PxHNasBMWKx3mfxgzcbVjcWVAU=
github.com/aws/smithy-go v1.28.1 h1:R/nXH00c8qcfCzQVELtRw+eLQWtzv+VAIEFJ1/xxXlQ=
github.com/aws/smithy-go v1.28.1/go.mod h1:YE2RhdIuDbA5E5bTdciG9KrW3+TiEONeUWCqxX9i1Fc=
github.com/cespare/xxhash/v2 v2.3.0 h1:UL815xU9SqsFlibzuggzjXhog7bL6oX9BbNZnL2UFvs=
github.com/cespare/xxhash/v2 v2.3.0/go.mod h1:VGX0DQ3Q6kWi7AoAeZDth3/j3BFtOZR5XLFGgcrjCOs=
github.com/felixge/httpsnoop v1.1.0 h1:3YtUj32ZZkqZtt3sZZsClsymw/QDuVfpNhoA31zeORc=
github.com/felixge/httpsnoop v1.1.0/go.mod h1:Zqxgdd+1Rkcz8euOqdr7lqgCRJztwr5hp9vDSi5UZCE=
github.com/go-logr/logr v1.2.2/go.mod h1:jdQByPbusPIv2/zmleS9BjJVeZ6kBagPoEUsqbVz/1A=
github.com/go-logr/logr v1.4.4 h1:tG4xh9yMsRCAiodLVTxyrkzSZ9+o0L1Kg/+cPVcbP/8=
github.com/go-logr/logr v1.4.4/go.mod h1:9T104GzyrTigFIr8wt5mBrctHMim0Nb2HLGrmQ40KvY=
github.com/go-logr/stdr v1.2.2 h1:hSWxHoqTgW2S2qGc0LTAI563KZ5YKYRhT3MFKZMbjag=
github.com/go-logr/stdr v1.2.2/go.mod h1:mMo/vtBO5dYbehREoey6XUKy/eSumjCCveDpRre4VKE=
github.com/google/go-cmp v0.7.0 h1:wk8382ETsv4JYUZwIsn6YpYiWiBsYLSJiTsyBybVuN8=
github.com/google/go-cmp v0.7.0/go.mod h1:pXiqmnSA92OHEEa9HXL2W4E7lf9JzCmGVUdgjX3N/iU=
github.com/google/uuid v1.6.0 h1:NIvaJDMOsjHA8n1jAhLSgzrAzy1Hgr+hNrb57e+94F0=
github.com/google/uuid v1.6.0/go.mod h1:TIyPZe4MgqvfeYDBFedMoGGpEw/LqOeaOT+nhxU+yHo=
github.com/stretchr/testify v1.12.1 h1:EuwCh5fleGS7H32xRwO3wRGT7DxrDhLAT6FF8MpWDWE=
github.com/stretchr/testify v1.12.1/go.mod h1:MDEgiDPPsNp5cuIrHPPCyornHKgEVbtFUmoNlxoYthg=
go.opentelemetry.io/auto/sdk v1.2.1 h1:jXsnJ4Lmnqd11kwkBV2LgLoFMZKizbCi5fNZ/ipaZ64=
go.opentelemetry.io/auto/sdk v1.2.1/go.mod h1:KRTj+aOaElaLi+wW1kO/DZRXwkF4C5xPbEe3ZiIhN7Y=
go.opentelemetry.io/otel v1.46.0 h1:FHt5/CDyVxi/8IM1CH7VE/rRgq3kLHa2mSTVMO8AWyc=
go.opentelemetry.io/otel v1.46.0/go.mod h1:Gj3SEScelsNC45tp4nSxRYlS+f5iez7W8XPMCt905kE=
go.opentelemetry.io/otel/exporters/stdout/stdouttrace v1.46.0 h1:KdRxPiAoMptR3vfWzvjjvutTsSiwbC2uG0496rzZNfo=
go.opentelemetry.io/otel/exporters/stdout/stdouttrace v1.46.0/go.mod h1:K/qSA+3G7Eovxi4K09wzrAgkWRnosS0DAOZeEpve7sM=
go.opentelemetry.io/otel/metric v1.46.0 h1:yBnkXvgV7AXFILZc5K6IZe/CBFF3OS7BJ8ov6/lj0K8=
go.opentelemetry.io/otel/metric v1.46.0/go.mod h1:iPmdWqifKUdzziPkvvzIJXITl56fQx2mGM/DHLB3/2o=
go.opentelemetry.io/otel/sdk v1.46.0 h1:h5CNQQjEbuQXY/JfZtgt3i7HVFV3aHPO2OAwO2eTYPI=
go.opentelemetry.io/otel/sdk v1.46.0/go.mod h1:GAERFXFt5SYCEB+YiKUbMBeza6UaDH7GmGOZEfh2gSM=
go.opentelemetry.io/otel/sdk/metric v1.46.0 h1:0piZ26EG4RBfebb2jhDH6ERCYHoVWduc3kLgPCwSnSE=
go.opentelemetry.io/otel/sdk/metric v1.46.0/go.mod h1:I1PbKrdVc8Qu8HYVDNtqVIwLwjNrhsV/uFuxfwg8mO4=
go.opentelemetry.io/otel/trace v1.46.0 h1:OULy7ccdJnZtJ0UDYFOIGaCmiWzJ8Vi2G/Rsu60qs1c=
go.opentelemetry.io/otel/trace v1.46.0/go.mod h1:J7GAXweO77XSFkB/rmAqk9D6ihszhFjLU+d9WuUxDLI=
go.uber.org/goleak v1.3.0 h1:2K3zAYmnTNqV73imy9J1T3WC+gmCePx2hEGkimedGto=
go.uber.org/goleak v1.3.0/go.mod h1:CoHD4mav9JJNrW/WLlf7HGZPjdw8EucARQHekz1X6bE=
go.yaml.in/yaml/v3 v3.0.5 h1:N6y/pJk8buWs9NY5ERU2HSMfm+IuD/OtfdAnq6kESPw=
go.yaml.in/yaml/v3 v3.0.5/go.mod h1:HVTZu1O7/Vkt2N+BFy8Zza+lnLsABggaTM2ZpNIGuKg=
golang.org/x/sys v0.47.0 h1:o7XGOvZQCADBQQ4Y7VNq2dRWQR7JmOUW8Kxx4ZsNgWs=
golang.org/x/sys v0.47.0/go.mod h1:4GL1E5IUh+htKOUEOaiffhrAeqysfVGipDYzABqnCmw=
