github.com/aws/aws-lambda-go v1.40.0 h1:6dKcDpXsTpapfCFF6Debng6CiV/Z3sNHekM6bwhI2J0=
github.com/aws/aws-lambda-go v1.40.0/go.mod h1:jwFe2KmMsHmffA1X2R09hH6lFzJQxzI8qK17ewzbQMM=
github.com/aws/aws-sdk-go-v2 v1.17.8 h1:GMupCNNI7FARX27L7GjCJM8NgivWbRgpjNI/hOQjFS8=
github.com/aws/aws-sdk-go-v2 v1.17.8/go.mod h1:uzbQtefpm44goOPmdKyAlXSNcwlRgF3ePWVW6EtJvvw=
github.com/aws/aws-sdk-go-v2/aws/protocol/eventstream v1.4.10 h1:dK82zF6kkPeCo8J1e+tGx4JdvDIQzj7ygIoLg8WMuGs=
github.com/aws/aws-sdk-go-v2/aws/protocol/eventstream v1.4.10/go.mod h1:VeTZetY5KRJLuD/7fkQXMU6Mw7H5m/KP2J5Iy9osMno=
github.com/aws/aws-sdk-go-v2/config v1.18.21 h1:ENTXWKwE8b9YXgQCsruGLhvA9bhg+RqAsL9XEMEsa2c=
github.com/aws/aws-sdk-go-v2/config v1.18.21/go.mod h1:+jPQiVPz1diRnjj6VGqWcLK6EzNmQ42l7J3OqGTLsSY=
github.com/aws/aws-sdk-go-v2/credentials v1.13.20 h1:oZCEFcrMppP/CNiS8myzv9JgOzq2s0d3v3MXYil/mxQ=
github.com/aws/aws-sdk-go-v2/credentials v1.13.20/go.mod h1:xtZnXErtbZ8YGXC3+8WfajpMBn5Ga/3ojZdxHq6iI8o=
github.com/aws/aws-sdk-go-v2/feature/ec2/imds v1.13.2 h1:jOzQAesnBFDmz93feqKnsTHsXrlwWORNZMFHMV+WLFU=
github.com/aws/aws-sdk-go-v2/feature/ec2/imds v1.13.2/go.mod h1:cDh1p6XkSGSwSRIArWRc6+UqAQ7x4alQ0QfpVR6f+co=
github.com/aws/aws-sdk-go-v2/internal/configsources v1.1.32 h1:dpbVNUjczQ8Ae3QKHbpHBpfvaVkRdesxpTOe9pTouhU=
github.com/aws/aws-sdk-go-v2/internal/configsources v1.1.32/go.mod h1:RudqOgadTWdcS3t/erPQo24pcVEoYyqj/kKW5Vya21I=
github.com/aws/aws-sdk-go-v2/internal/endpoints/v2 v2.4.26 h1:QH2kOS3Ht7x+u0gHCh06CXL/h6G8LQJFpZfFBYBNboo=
github.com/aws/aws-sdk-go-v2/internal/endpoints/v2 v2.4.26/go.mod h1:vq86l7956VgFr0/FWQ2BWnK07QC3WYsepKzy33qqY5U=
github.com/aws/aws-sdk-go-v2/internal/ini v1.3.33 h1:HbH1VjUgrCdLJ+4lnnuLI4iVNRvBbBELGaJ5f69ClA8=
github.com/aws/aws-sdk-go-v2/internal/ini v1.3.33/go.mod h1:zG2FcwjQarWaqXSCGpgcr3RSjZ6dHGguZSppUL0XR7Q=
github.com/aws/aws-sdk-go-v2/internal/v4a v1.0.24 h1:zsg+5ouVLLbePknVZlUMm1ptwyQLkjjLMWnN+kVs5dA=
github.com/aws/aws-sdk-go-v2/internal/v4a v1.0.24/go.mod h1:+fFaIjycTmpV6hjmPTbyU9Kp5MI/lA+bbibcAtmlhYA=
github.com/aws/aws-sdk-go-v2/service/dynamodb v1.19.5 h1:22zOCZ3Xf5qL0bH/Bc/jSH6P6SRTDPQEj2yxk+8wIXA=
github.com/aws/aws-sdk-go-v2/service/dynamodb v1.19.5/go.mod h1:2XzQIYZ2VeZzxUnFIe0EpYIdkol6eEgs3vSAFjTLw4Q=
github.com/aws/aws-sdk-go-v2/service/internal/accept-encoding v1.9.11 h1:y2+VQzC6Zh2ojtV2LoC0MNwHWc6qXv/j2vrQtlftkdA=
github.com/aws/aws-sdk-go-v2/service/internal/accept-encoding v1.9.11/go.mod h1:iV4q2hsqtNECrfmlXyord9u4zyuFEJX9eLgLpSPzWA8=
github.com/aws/aws-sdk-go-v2/service/internal/checksum v1.1.27 h1:qIw7Hg5eJEc1uSxg3hRwAthPAO7NeOd4dPxhaTi0yB0=
github.com/aws/aws-sdk-go-v2/service/internal/checksum v1.1.27/go.mod h1:Zz0kvhcSlu3NX4XJkaGgdjaa+u7a9LYuy8JKxA5v3RM=
github.com/aws/aws-sdk-go-v2/service/internal/endpoint-discovery v1.7.26 h1:XsLNgECTon/ughUzILFbbeC953tTbXnJv4GQPUHm80A=
github.com/aws/aws-sdk-go-v2/service/internal/endpoint-discovery v1.7.26/go.mod h1:zSW1SZ9ZQQZlRfqur2sI2Mn/ptcDLi6mtlPaXIIw0IE=
github.com/aws/aws-sdk-go-v2/service/internal/presigned-url v1.9.26 h1:uUt4XctZLhl9wBE1L8lobU3bVN8SNUP7T+olb0bWBO4=
github.com/aws/aws-sdk-go-v2/service/internal/presigned-url v1.9.26/go.mod h1:Bd4C/4PkVGubtNe5iMXu5BNnaBi/9t/UsFspPt4ram8=
github.com/aws/aws-sdk-go-v2/service/internal/s3shared v1.14.1 h1:lRWp3bNu5wy0X3a8GS42JvZFlv++AKsMdzEnoiVJrkg=
github.com/aws/aws-sdk-go-v2/service/internal/s3shared v1.14.1/go.mod h1:VXBHSxdN46bsJrkniN68psSwbyBKsazQfU2yX/iSDso=
github.com/aws/aws-sdk-go-v2/service/s3 v1.32.0 h1:NAc8WQsVQ3+kz3rU619mlz8NcbpZI6FVJHQfH33QK0g=
github.com/aws/aws-sdk-go-v2/service/s3 v1.32.0/go.mod h1:aSl9/LJltSz1cVusiR/Mu8tvI4Sv/5w/WWrJmmkNii0=
github.com/aws/aws-sdk-go-v2/service/sqs v1.20.8 h1:SDZBYFUp70hI2T0z9z+KD1iJBz9jGeT7xgU5hPPC9zs=
github.com/aws/aws-sdk-go-v2/service/sqs v1.20.8/go.mod h1:w058QQWcK1MLEnIrD0DmkQtSvC1pLY0EWRQsPXPWppM=
github.com/aws/aws-sdk-go-v2/service/sso v1.12.8 h1:5cb3D6xb006bPTqEfCNaEA6PPEfBXxxy4NNeX/44kGk=
github.com/aws/aws-sdk-go-v2/service/sso v1.12.8/go.mod h1:GNIveDnP+aE3jujyUSH5aZ/rktsTM5EvtKnCqBZawdw=
github.com/aws/aws-sdk-go-v2/service/ssooidc v1.14.8 h1:NZaj0ngZMzsubWZbrEFSB4rgSQRbFq38Sd6KBxHuOIU=
github.com/aws/aws-sdk-go-v2/service/ssooidc v1.14.8/go.mod h1:44qFP1g7pfd+U+sQHLPalAPKnyfTZjJsYR4xIwsJy5o=
github.com/aws/aws-sdk-go-v2/service/sts v1.18.9 h1:Qf1aWwnsNkyAoqDqmdM3nHwN78XQjec27LjM6b9vyfI=
github.com/aws/aws-sdk-go-v2/service/sts v1.18.9/go.mod h1:yyW88BEPXA2fGFyI2KCcZC3dNpiT0CZAHaF+i656/tQ=
github.com/aws/smithy-go v1.13.5 h1:hgz0X/DX0dGqTYpGALqXJoRKRj5oQ7150i5FdTePzO8=
github.com/aws/smithy-go v1.13.5/go.mod h1:Tg+OJXh4MB2R/uN61Ko2f6hTZwB/ZYGOtib8J3gBHzA=
github.com/davecgh/go-spew v1.1.0/go.mod h1:J7Y8YcW2NihsgmVo/mv3lAwl/skON4iLHjSsI+c5H38=
github.com/davecgh/go-spew v1.1.1 h1:vj9j/u1bqnvCEfJOwUhtlOARqs3+rkHYY13jYWTU97c=
github.com/felixge/httpsnoop v1.0.3 h1:s/nj+GCswXYzN5v2DpNMuMQYe+0DDwt5WVCU6CWBdXk=
github.com/felixge/httpsnoop v1.0.3/go.mod h1:m8KPJKqk1gH5J9DgRY2ASl2lWCfGKXixSwevea8zH2U=
github.com/go-logr/logr v1.2.2/go.mod h1:jdQByPbusPIv2/zmleS9BjJVeZ6kBagPoEUsqbVz/1A=
github.com/go-logr/logr v1.2.4 h1:g01GSCwiDw2xSZfjJ2/T9M+S6pFdcNtFYsp+Y43HYDQ=
github.com/go-logr/logr v1.2.4/go.mod h1:jdQByPbusPIv2/zmleS9BjJVeZ6kBagPoEUsqbVz/1A=
github.com/go-logr/stdr v1.2.2 h1:hSWxHoqTgW2S2qGc0LTAI563KZ5YKYRhT3MFKZMbjag=
github.com/go-logr/stdr v1.2.2/go.mod h1:mMo/vtBO5dYbehREoey6XUKy/eSumjCCveDpRre4VKE=
github.com/google/go-cmp v0.5.8/go.mod h1:17dUlkBOakJ0+DkrSSNjCkIjxS6bF9zb3elmeNGIjoY=
github.com/google/go-cmp v0.5.9 h1:O2Tfq5qg4qc4AmwVlvv0oLiVAGB7enBSJ2x2DqQFi38=
github.com/jmespath/go-jmespath v0.4.0 h1:BEgLn5cpjn8UN1mAw4NjwDrS35OdebyEtFe+9YPoQUg=
github.com/jmespath/go-jmespath v0.4.0/go.mod h1:T8mJZnbsbmF+m6zOOFylbeCJqk5+pHWvzYPziyZiYoo=
github.com/jmespath/go-jmespath/internal/testify v1.5.1 h1:shLQSRRSCCPj3f2gpwzGwWFoC7ycTf1rcQZHOlsJ6N8=
github.com/jmespath/go-jmespath/internal/testify v1.5.1/go.mod h1:L3OGu8Wl2/fWfCI6z80xFu9LTZmf1ZRjMHUOPmWr69U=
github.com/pmezard/go-difflib v1.0.0 h1:4DBwDE0NGyQoBHbLQYPwSUPoCMWR5BEzIk/f1lZbAQM=
github.com/pmezard/go-difflib v1.0.0/go.mod h1:iKH77koFhYxTK1pcRnkKkqfTogsbg7gZNVY4sRDYZ/4=
github.com/stretchr/objx v0.1.0/go.mod h1:HFkY916IF+rwdDfMAkV7OtwuqBVzrE8GR6GFx+wExME=
github.com/stretchr/testify v1.8.2 h1:+h33VjcLVPDHtOdpUCuF+7gSuG3yGIftsP1YvFihtJ8=
go.opentelemetry.io/otel v1.15.0-rc.2.0.20230427183909-180b35513ad6 h1:3m26zN1Eg7/vuAd+Vn9rM+8iWv1c/oXrqQefHBpbr18=
go.opentelemetry.io/otel v1.15.0-rc.2.0.20230427183909-180b35513ad6/go.mod h1:HsxpddCplCj0NFrrfXYEpaRxdQlDuHghaxm0JFTu3hA=
go.opentelemetry.io/otel/exporters/stdout/stdouttrace v1.15.0-rc.2.0.20230427183909-180b35513ad6 h1:bx1URZ+3nsiZusCEwm1mdPYysga97WEe3INd51y6h6U=
go.opentelemetry.io/otel/exporters/stdout/stdouttrace v1.15.0-rc.2.0.20230427183909-180b35513ad6/go.mod h1:Nv/1L4A05mPuYIQaeN5zo4np8uqW0gH6PNx/lXpWxyQ=
go.opentelemetry.io/otel/metric v1.15.0-rc.2.0.20230427183909-180b35513ad6 h1:07iOUUDy6+gbuXmM3brFSGY7eetYtsdx5+YpkP0XKhY=
go.opentelemetry.io/otel/metric v1.15.0-rc.2.0.20230427183909-180b35513ad6/go.mod h1:dJSUC0l9H70aiyonMTLAHXRvdPYx2abUrzIhxRUpIzo=
go.opentelemetry.io/otel/sdk v1.15.0-rc.2.0.20230427183909-180b35513ad6 h1:WneoQrqXYAjB0ijlQIA+VJXHyC9BhR38Wp0wyusH2co=
go.opentelemetry.io/otel/sdk v1.15.0-rc.2.0.20230427183909-180b35513ad6/go.mod h1:y1Jk3VqEqqTbdO6rme9uqxlGtcwpOIX8wgLMsE0KmWo=
go.opentelemetry.io/otel/trace v1.15.0-rc.2.0.20230427183909-180b35513ad6 h1:G6aIfSJpXPb7jKT5hNv0fzgF9blGaCFUFbWs0q/GM2Q=
go.opentelemetry.io/otel/trace v1.15.0-rc.2.0.20230427183909-180b35513ad6/go.mod h1:rXGObWQ59lOmvgXaIkgfS9c7srxc98A001ei65LYy1Y=
golang.org/x/sys v0.7.0 h1:3jlCCIQZPdOYu1h8BkNvLz8Kgwtae2cagcG/VamtZRU=
golang.org/x/sys v0.7.0/go.mod h1:oPkhp1MJrh7nUepCBck5+mAzfO9JrbApNNgaTdGDITg=
gopkg.in/check.v1 v0.0.0-20161208181325-20d25e280405/go.mod h1:Co6ibVJAznAaIkqp8huTwlJQCZ016jof/cbN4VW5Yz0=
gopkg.in/yaml.v2 v2.2.8 h1:obN1ZagJSUGI0Ek/LBmuj4SNLPfIny3KsKFopxRdj10=
gopkg.in/yaml.v2 v2.2.8/go.mod h1:hI93XBmqTisBFMUTm0b8Fm+jr3Dg1NNxqwp+5A1VGuI=
gopkg.in/yaml.v3 v3.0.1 h1:fxVm/GzAzEWqLHuvctI91KS9hhNmmWOoWu0XTYJS7CA=
