github.com/aws/aws-lambda-go v1.34.1 h1:M3a/uFYBjii+tDcOJ0wL/WyFi2550FHoECdPf27zvOs=
github.com/aws/aws-lambda-go v1.34.1/go.mod h1:jwFe2KmMsHmffA1X2R09hH6lFzJQxzI8qK17ewzbQMM=
github.com/aws/aws-sdk-go-v2 v1.16.14/go.mod h1:s/G+UV29dECbF5rf+RNj1xhlmvoNurGSr+McVSRj59w=
github.com/aws/aws-sdk-go-v2 v1.16.15 h1:2sInOWGE4HV54R90Pj8QgqBBw3Qf1I0husqbqjPZzys=
github.com/aws/aws-sdk-go-v2 v1.16.15/go.mod h1:SwiyXi/1zTUZ6KIAmLK5V5ll8SiURNUYOqTerZPaF9k=
github.com/aws/aws-sdk-go-v2/aws/protocol/eventstream v1.4.7 h1:/kxQjtZc7j67TMW/aFJfpsrlvFhsq3lNbX41qN5Tro4=
github.com/aws/aws-sdk-go-v2/aws/protocol/eventstream v1.4.7/go.mod h1:KvHyNlxCjo9Y1Fsz+6Ex9OaN2jKijvMxzROxpW5Vctc=
github.com/aws/aws-sdk-go-v2/config v1.17.6 h1:0xHMch3eQ2C8CByMEi0iJOLF+pTLoAQeHVfhFxN7eyk=
github.com/aws/aws-sdk-go-v2/config v1.17.6/go.mod h1:CrxsoI/AcKUoWyL9Zo0YaDxRlBfSnDZKBYKDdkNYDQ0=
github.com/aws/aws-sdk-go-v2/credentials v1.12.19 h1:fYtSz4Fd0lUavtj4FAtvol9G2k0lh1TK4LfeP1hdnLw=
github.com/aws/aws-sdk-go-v2/credentials v1.12.19/go.mod h1:fRQMbLwSHPr0XRzuez6x7BX5+0nNQs5BzG+oR4bQKyY=
github.com/aws/aws-sdk-go-v2/feature/ec2/imds v1.12.16 h1:LX38v4cqSqrBETHUBnc8B+N6p5YA41GaPQ3jwICjetI=
github.com/aws/aws-sdk-go-v2/feature/ec2/imds v1.12.16/go.mod h1:lnJ8tKos2s7JeBdLVFknwVSlQZAKzkgrFNQmUaTWwRQ=
github.com/aws/aws-sdk-go-v2/internal/configsources v1.1.21/go.mod h1:XsmHMV9c512xgsW01q7H0ut+UQQQpWX8QsFbdLHDwaU=
github.com/aws/aws-sdk-go-v2/internal/configsources v1.1.22 h1:pE27/u2A7JlwICjOvONQDob8PToShRTkuiUE74ymVWg=
github.com/aws/aws-sdk-go-v2/internal/configsources v1.1.22/go.mod h1:/vNv5Al0bpiF8YdX2Ov6Xy05VTiXsql94yUqJMYaj0w=
github.com/aws/aws-sdk-go-v2/internal/endpoints/v2 v2.4.15/go.mod h1:kjJ4CyD9M3Wq88GYg3IPfj67Rs0Uvz8aXK7MJ8BvE4I=
github.com/aws/aws-sdk-go-v2/internal/endpoints/v2 v2.4.16 h1:L5LKGHHXOl4t7+5QZMTl38GIzSAq07XUTRtEquiHGMA=
github.com/aws/aws-sdk-go-v2/internal/endpoints/v2 v2.4.16/go.mod h1:62dsXI0BqTIGomDl8Hpm33dv0OntGaVblri3ZRParVQ=
github.com/aws/aws-sdk-go-v2/internal/ini v1.3.23 h1:Sy266MXyLZZbObFhStGF9dyJm5nFyA8LINTgNm4Q6Ds=
github.com/aws/aws-sdk-go-v2/internal/ini v1.3.23/go.mod h1:XtEkQMmxls+Tb5dZLmpa1QAk0OzSIFDAXanC9Jkf81E=
github.com/aws/aws-sdk-go-v2/internal/v4a v1.0.12 h1:i0Tig01XGhXo/ki1BZUbRMhusGVCScEvaWdlFRWxAKk=
github.com/aws/aws-sdk-go-v2/internal/v4a v1.0.12/go.mod h1:QPoxYMISvteeDH4A89gGWWlCA/Bz6oUDF7hGdPdOPuE=
github.com/aws/aws-sdk-go-v2/service/dynamodb v1.16.4 h1:mAZdz3kvGBWC0feqQcpUF9trQ0d1qmJVNrcUv6eneIo=
github.com/aws/aws-sdk-go-v2/service/dynamodb v1.16.4/go.mod h1:xDs8FfL3lHGCYWb0ytqxjIKT5AYLY/Oi9Mh8BV0nkLg=
github.com/aws/aws-sdk-go-v2/service/internal/accept-encoding v1.9.8 h1:NpixDFjwr1BZg2459mX07NZnVYGGp62Lb6AtVGOLNlo=
github.com/aws/aws-sdk-go-v2/service/internal/accept-encoding v1.9.8/go.mod h1:MJUgrBPfGB4yk2uWoImVqd9cklry1hATyJV/7gJ6JTk=
github.com/aws/aws-sdk-go-v2/service/internal/checksum v1.1.16 h1:kHc3TqW5kJ9Vfd9YEwywrNrL87DItpvAohlP+OuzABY=
github.com/aws/aws-sdk-go-v2/service/internal/checksum v1.1.16/go.mod h1:U/9ZCgIx6x6NTdFRt60qO3gxUxBx4gRi+S/Yc/n+7vc=
github.com/aws/aws-sdk-go-v2/service/internal/endpoint-discovery v1.7.15 h1:cglph/vzXji9hnXhlWq2bVkPU0qofeOCV/Jv7AWGEh4=
github.com/aws/aws-sdk-go-v2/service/internal/endpoint-discovery v1.7.15/go.mod h1:NNBwPIB0wjkpeeQztU3FRD8O8T77MCrObyC1RiHf6G8=
github.com/aws/aws-sdk-go-v2/service/internal/presigned-url v1.9.15/go.mod h1:ZVJ7ejRl4+tkWMuCwjXoy0jd8fF5u3RCyWjSVjUIvQE=
github.com/aws/aws-sdk-go-v2/service/internal/presigned-url v1.9.16 h1:9jysIwpUt7KGdsKOl+zA+0pG+7MpSsi0KQUcbE48n38=
github.com/aws/aws-sdk-go-v2/service/internal/presigned-url v1.9.16/go.mod h1:faBcf/4ZB4FRc17geaXWOxgzktotyJgBcUBZoHqvdfM=
github.com/aws/aws-sdk-go-v2/service/internal/s3shared v1.13.15 h1:v9f7NY7D19ssE2EM+m9yT1m5zdWHuRAsZaFh24GAkOk=
github.com/aws/aws-sdk-go-v2/service/internal/s3shared v1.13.15/go.mod h1:gXfPo3nMoCbJKTZKDxv3rUhcYJjYT/K++jEqcWHjD/Q=
github.com/aws/aws-sdk-go-v2/service/s3 v1.27.9 h1:imVonvre+AHMcDc3B9bPHHy5ZgjIkkYc/jyDBK8FHFw=
github.com/aws/aws-sdk-go-v2/service/s3 v1.27.9/go.mod h1:0Gfmg8gjPhVPy/IXkLAmyKZbAue+2s11BWKH+oXggmg=
github.com/aws/aws-sdk-go-v2/service/sso v1.11.22 h1:LrEyMbp0gMiXVaXpJ67jJkkqKCxivZvOd6wgXem0bWA=
github.com/aws/aws-sdk-go-v2/service/sso v1.11.22/go.mod h1:B2nDzX7lppT8j4EV2/WhT20SnRDp/LdNyqxyGYY46Ow=
github.com/aws/aws-sdk-go-v2/service/ssooidc v1.13.4 h1:d7Wh4xMQVVYfrJ1KHFGQ6jY/O51LjnTCWJgh85RT+TQ=
github.com/aws/aws-sdk-go-v2/service/ssooidc v1.13.4/go.mod h1:mOofcMJCDSJwmtZykUE/i6tWGNwMnkextriwzY1zcbc=
github.com/aws/aws-sdk-go-v2/service/sts v1.16.18 h1:TqEvnK8OceCKNQaDK9d5Ir2bOtC0S0dRQCwSbkV1rz0=
github.com/aws/aws-sdk-go-v2/service/sts v1.16.18/go.mod h1:AE4zMc8qCw1JnDvy0ZrDVb/OXRuuweG3BcT2Nv7Qh3E=
github.com/aws/smithy-go v1.13.2/go.mod h1:Tg+OJXh4MB2R/uN61Ko2f6hTZwB/ZYGOtib8J3gBHzA=
github.com/aws/smithy-go v1.13.3 h1:l7LYxGuzK6/K+NzJ2mC+VvLUbae0sL3bXU//04MkmnA=
github.com/aws/smithy-go v1.13.3/go.mod h1:Tg+OJXh4MB2R/uN61Ko2f6hTZwB/ZYGOtib8J3gBHzA=
github.com/davecgh/go-spew v1.1.0/go.mod h1:J7Y8YcW2NihsgmVo/mv3lAwl/skON4iLHjSsI+c5H38=
github.com/davecgh/go-spew v1.1.1 h1:vj9j/u1bqnvCEfJOwUhtlOARqs3+rkHYY13jYWTU97c=
github.com/davecgh/go-spew v1.1.1/go.mod h1:J7Y8YcW2NihsgmVo/mv3lAwl/skON4iLHjSsI+c5H38=
github.com/felixge/httpsnoop v1.0.3 h1:s/nj+GCswXYzN5v2DpNMuMQYe+0DDwt5WVCU6CWBdXk=
github.com/felixge/httpsnoop v1.0.3/go.mod h1:m8KPJKqk1gH5J9DgRY2ASl2lWCfGKXixSwevea8zH2U=
github.com/go-logr/logr v1.2.2/go.mod h1:jdQByPbusPIv2/zmleS9BjJVeZ6kBagPoEUsqbVz/1A=
github.com/go-logr/logr v1.2.3 h1:2DntVwHkVopvECVRSlL5PSo9eG+cAkDCuckLubN+rq0=
github.com/go-logr/logr v1.2.3/go.mod h1:jdQByPbusPIv2/zmleS9BjJVeZ6kBagPoEUsqbVz/1A=
github.com/go-logr/stdr v1.2.2 h1:hSWxHoqTgW2S2qGc0LTAI563KZ5YKYRhT3MFKZMbjag=
github.com/go-logr/stdr v1.2.2/go.mod h1:mMo/vtBO5dYbehREoey6XUKy/eSumjCCveDpRre4VKE=
github.com/google/go-cmp v0.5.8 h1:e6P7q2lk1O+qJJb4BtCQXlK8vWEO8V1ZeuEdJNOqZyg=
github.com/google/go-cmp v0.5.8/go.mod h1:17dUlkBOakJ0+DkrSSNjCkIjxS6bF9zb3elmeNGIjoY=
github.com/jmespath/go-jmespath v0.4.0 h1:BEgLn5cpjn8UN1mAw4NjwDrS35OdebyEtFe+9YPoQUg=
github.com/jmespath/go-jmespath v0.4.0/go.mod h1:T8mJZnbsbmF+m6zOOFylbeCJqk5+pHWvzYPziyZiYoo=
github.com/jmespath/go-jmespath/internal/testify v1.5.1 h1:shLQSRRSCCPj3f2gpwzGwWFoC7ycTf1rcQZHOlsJ6N8=
github.com/jmespath/go-jmespath/internal/testify v1.5.1/go.mod h1:L3OGu8Wl2/fWfCI6z80xFu9LTZmf1ZRjMHUOPmWr69U=
github.com/pmezard/go-difflib v1.0.0 h1:4DBwDE0NGyQoBHbLQYPwSUPoCMWR5BEzIk/f1lZbAQM=
github.com/pmezard/go-difflib v1.0.0/go.mod h1:iKH77koFhYxTK1pcRnkKkqfTogsbg7gZNVY4sRDYZ/4=
github.com/stretchr/objx v0.1.0/go.mod h1:HFkY916IF+rwdDfMAkV7OtwuqBVzrE8GR6GFx+wExME=
github.com/stretchr/objx v0.4.0/go.mod h1:YvHI0jy2hoMjB+UWwv71VJQ9isScKT/TqJzVSSt89Yw=
github.com/stretchr/testify v1.7.1/go.mod h1:6Fq8oRcR53rry900zMqJjRRixrwX3KX962/h/Wwjteg=
github.com/stretchr/testify v1.7.2/go.mod h1:R6va5+xMeoiuVRoj+gSkQ7d3FALtqAAGI1FQKckRals=
github.com/stretchr/testify v1.8.0 h1:pSgiaMZlXftHpm5L7V1+rVB+AZJydKsMxsQBIJw4PKk=
github.com/stretchr/testify v1.8.0/go.mod h1:yNjHg4UonilssWZ8iaSj1OCr/vHnekPRkoO+kdMU+MU=
go.opentelemetry.io/otel v1.10.0 h1:Y7DTJMR6zs1xkS/upamJYk0SxxN4C9AqRd77jmZnyY4=
go.opentelemetry.io/otel v1.10.0/go.mod h1:NbvWjCthWHKBEUMpf0/v8ZRZlni86PpGFEMA9pnQSnQ=
go.opentelemetry.io/otel/exporters/stdout/stdouttrace v1.10.0 h1:c9UtMu/qnbLlVwTwt+ABrURrioEruapIslTDYZHJe2w=
go.opentelemetry.io/otel/exporters/stdout/stdouttrace v1.10.0/go.mod h1:h3Lrh9t3Dnqp3NPwAZx7i37UFX7xrfnO1D+fuClREOA=
go.opentelemetry.io/otel/metric v0.32.0 h1:lh5KMDB8xlMM4kwE38vlZJ3rZeiWrjw3As1vclfC01k=
go.opentelemetry.io/otel/metric v0.32.0/go.mod h1:PVDNTt297p8ehm949jsIzd+Z2bIZJYQQG/uuHTeWFHY=
go.opentelemetry.io/otel/sdk v1.10.0 h1:jZ6K7sVn04kk/3DNUdJ4mqRlGDiXAVuIG+MMENpTNdY=
go.opentelemetry.io/otel/sdk v1.10.0/go.mod h1:vO06iKzD5baltJz1zarxMCNHFpUlUiOy4s65ECtn6kE=
go.opentelemetry.io/otel/trace v1.10.0 h1:npQMbR8o7mum8uF95yFbOEJffhs1sbCOfDh8zAJiH5E=
go.opentelemetry.io/otel/trace v1.10.0/go.mod h1:Sij3YYczqAdz+EhmGhE6TpTxUO5/F/AzrK+kxfGqySM=
golang.org/x/sys v0.0.0-20210423185535-09eb48e85fd7/go.mod h1:h1NjWce9XRLGQEsW7wpKNCjG9DtNlClVuFLEZdDNbEs=
golang.org/x/sys v0.0.0-20220319134239-a9b59b0215f8 h1:OH54vjqzRWmbJ62fjuhxy7AxFFgoHN0/DPc/UrL8cAs=
golang.org/x/sys v0.0.0-20220319134239-a9b59b0215f8/go.mod h1:oPkhp1MJrh7nUepCBck5+mAzfO9JrbApNNgaTdGDITg=
gopkg.in/check.v1 v0.0.0-20161208181325-20d25e280405/go.mod h1:Co6ibVJAznAaIkqp8huTwlJQCZ016jof/cbN4VW5Yz0=
gopkg.in/yaml.v2 v2.2.8 h1:obN1ZagJSUGI0Ek/LBmuj4SNLPfIny3KsKFopxRdj10=
gopkg.in/yaml.v2 v2.2.8/go.mod h1:hI93XBmqTisBFMUTm0b8Fm+jr3Dg1NNxqwp+5A1VGuI=
gopkg.in/yaml.v3 v3.0.0-20200313102051-9f266ea9e77c/go.mod h1:K4uyk7z7BCEPqu6E+C64Yfv1cQ7kz7rIZviUmN+EgEM=
gopkg.in/yaml.v3 v3.0.1 h1:fxVm/GzAzEWqLHuvctI91KS9hhNmmWOoWu0XTYJS7CA=
gopkg.in/yaml.v3 v3.0.1/go.mod h1:K4uyk7z7BCEPqu6E+C64Yfv1cQ7kz7rIZviUmN+EgEM=
