github.com/aws/aws-sdk-go-v2 v1.24.1 h1:xAojnj+ktS95YZlDf0zxWBkbFtymPeDP+rvUQIH3uAU=
github.com/aws/aws-sdk-go-v2 v1.24.1/go.mod h1:LNh45Br1YAkEKaAqvmE1m8FUx6a5b/V0oAKV7of29b4=
github.com/aws/aws-sdk-go-v2/internal/configsources v1.2.10 h1:vF+Zgd9s+H4vOXd5BMaPWykta2a6Ih0AKLq/X6NYKn4=
github.com/aws/aws-sdk-go-v2/internal/configsources v1.2.10/go.mod h1:6BkRjejp/GR4411UGqkX8+wFMbFbqsUIimfK4XjOKR4=
github.com/aws/aws-sdk-go-v2/internal/endpoints/v2 v2.5.10 h1:nYPe006ktcqUji8S2mqXf9c/7NdiKriOwMvWQHgYztw=
github.com/aws/aws-sdk-go-v2/internal/endpoints/v2 v2.5.10/go.mod h1:6UV4SZkVvmODfXKql4LCbaZUpF7HO2BX38FgBf9ZOLw=
github.com/aws/aws-sdk-go-v2/service/dynamodb v1.26.7 h1:X60rMbnylU1xmmhv4+/N78t+lKOCC4ELst5eR25dyqg=
github.com/aws/aws-sdk-go-v2/service/dynamodb v1.26.7/go.mod h1:o7TD9sjdgrl8l/g2a2IkYjuhxjPy9DMP2sWo7piaRBQ=
github.com/aws/aws-sdk-go-v2/service/internal/accept-encoding v1.10.4 h1:/b31bi3YVNlkzkBrm9LfpaKoaYZUxIAj4sHfOTmLfqw=
github.com/aws/aws-sdk-go-v2/service/internal/accept-encoding v1.10.4/go.mod h1:2aGXHFmbInwgP9ZfpmdIfOELL79zhdNYNmReK8qDfdQ=
github.com/aws/aws-sdk-go-v2/service/internal/endpoint-discovery v1.8.10 h1:h8uweImUHGgyNKrxIUwpPs6XiH0a6DJ17hSJvFLgPAo=
github.com/aws/aws-sdk-go-v2/service/internal/endpoint-discovery v1.8.10/go.mod h1:LZKVtMBiZfdvUWgwg61Qo6kyAmE5rn9Dw36AqnycvG8=
github.com/aws/aws-sdk-go-v2/service/route53 v1.36.1 h1:dc3cH08KcmVkeh762FrB7/10UJydwpGKJU/6lLJ/KxM=
github.com/aws/aws-sdk-go-v2/service/route53 v1.36.1/go.mod h1:8qqfpG4mug2JLlEyWPSFhEGvJiaZ9iPmMDDMYc5Xtas=
github.com/aws/aws-sdk-go-v2/service/sqs v1.29.6 h1:UdbDTllc7cmusTTMy1dcTrYKRl4utDEsmKh9ZjvhJCc=
github.com/aws/aws-sdk-go-v2/service/sqs v1.29.6/go.mod h1:mCUv04gd/7g+/HNzDB4X6dzJuygji0ckvB3Lg/TdG5Y=
github.com/aws/smithy-go v1.19.0 h1:KWFKQV80DpP3vJrrA9sVAHQ5gc2z8i4EzrLhLlWXcBM=
github.com/aws/smithy-go v1.19.0/go.mod h1:NukqUGpCZIILqqiV0NIjeFh24kd/FAa4beRb6nbIUPE=
github.com/davecgh/go-spew v1.1.0/go.mod h1:J7Y8YcW2NihsgmVo/mv3lAwl/skON4iLHjSsI+c5H38=
github.com/davecgh/go-spew v1.1.1 h1:vj9j/u1bqnvCEfJOwUhtlOARqs3+rkHYY13jYWTU97c=
github.com/davecgh/go-spew v1.1.1/go.mod h1:J7Y8YcW2NihsgmVo/mv3lAwl/skON4iLHjSsI+c5H38=
github.com/go-logr/logr v1.2.2/go.mod h1:jdQByPbusPIv2/zmleS9BjJVeZ6kBagPoEUsqbVz/1A=
github.com/go-logr/logr v1.4.1 h1:pKouT5E8xu9zeFC39JXRDukb6JFQPXM5p5I91188VAQ=
github.com/go-logr/logr v1.4.1/go.mod h1:9T104GzyrTigFIr8wt5mBrctHMim0Nb2HLGrmQ40KvY=
github.com/go-logr/stdr v1.2.2 h1:hSWxHoqTgW2S2qGc0LTAI563KZ5YKYRhT3MFKZMbjag=
github.com/go-logr/stdr v1.2.2/go.mod h1:mMo/vtBO5dYbehREoey6XUKy/eSumjCCveDpRre4VKE=
github.com/google/go-cmp v0.6.0 h1:ofyhxvXcZhMsU5ulbFiLKl/XBFqE1GSq7atu8tAmTRI=
github.com/jmespath/go-jmespath v0.4.0 h1:BEgLn5cpjn8UN1mAw4NjwDrS35OdebyEtFe+9YPoQUg=
github.com/jmespath/go-jmespath v0.4.0/go.mod h1:T8mJZnbsbmF+m6zOOFylbeCJqk5+pHWvzYPziyZiYoo=
github.com/jmespath/go-jmespath/internal/testify v1.5.1 h1:shLQSRRSCCPj3f2gpwzGwWFoC7ycTf1rcQZHOlsJ6N8=
github.com/jmespath/go-jmespath/internal/testify v1.5.1/go.mod h1:L3OGu8Wl2/fWfCI6z80xFu9LTZmf1ZRjMHUOPmWr69U=
github.com/pmezard/go-difflib v1.0.0 h1:4DBwDE0NGyQoBHbLQYPwSUPoCMWR5BEzIk/f1lZbAQM=
github.com/pmezard/go-difflib v1.0.0/go.mod h1:iKH77koFhYxTK1pcRnkKkqfTogsbg7gZNVY4sRDYZ/4=
github.com/stretchr/objx v0.1.0/go.mod h1:HFkY916IF+rwdDfMAkV7OtwuqBVzrE8GR6GFx+wExME=
github.com/stretchr/testify v1.8.4 h1:CcVxjf3Q8PM0mHUKJCdn+eZZtm5yQwehR5yeSVQQcUk=
github.com/stretchr/testify v1.8.4/go.mod h1:sz/lmYIOXD/1dqDmKjjqLyZ2RngseejIcXlSw2iwfAo=
go.opentelemetry.io/otel v1.21.0 h1:hzLeKBZEL7Okw2mGzZ0cc4k/A7Fta0uoPgaJCr8fsFc=
go.opentelemetry.io/otel v1.21.0/go.mod h1:QZzNPQPm1zLX4gZK4cMi+71eaorMSGT3A4znnUvNNEo=
go.opentelemetry.io/otel/metric v1.21.0 h1:tlYWfeo+Bocx5kLEloTjbcDwBuELRrIFxwdQ36PlJu4=
go.opentelemetry.io/otel/metric v1.21.0/go.mod h1:o1p3CA8nNHW8j5yuQLdc1eeqEaPfzug24uvsyIEJRWM=
go.opentelemetry.io/otel/sdk v1.21.0 h1:FTt8qirL1EysG6sTQRZ5TokkU8d0ugCj8htOgThZXQ8=
go.opentelemetry.io/otel/sdk v1.21.0/go.mod h1:Nna6Yv7PWTdgJHVRD9hIYywQBRx7pbox6nwBnZIxl/E=
go.opentelemetry.io/otel/trace v1.21.0 h1:WD9i5gzvoUPuXIXH24ZNBudiarZDKuekPqi/E8fpfLc=
go.opentelemetry.io/otel/trace v1.21.0/go.mod h1:LGbsEB0f9LGjN+OZaQQ26sohbOmiMR+BaslueVtS/qQ=
golang.org/x/sys v0.14.0 h1:Vz7Qs629MkJkGyHxUlRHizWJRG2j8fbQKjELVSNhy7Q=
golang.org/x/sys v0.14.0/go.mod h1:/VUhepiaJMQUp4+oa/7Zr1D23ma6VTLIYjOOTFZPUcA=
gopkg.in/check.v1 v0.0.0-20161208181325-20d25e280405 h1:yhCVgyC4o1eVCa2tZl7eS0r+SDo693bJlVdllGtEeKM=
gopkg.in/check.v1 v0.0.0-20161208181325-20d25e280405/go.mod h1:Co6ibVJAznAaIkqp8huTwlJQCZ016jof/cbN4VW5Yz0=
gopkg.in/yaml.v2 v2.2.8 h1:obN1ZagJSUGI0Ek/LBmuj4SNLPfIny3KsKFopxRdj10=
gopkg.in/yaml.v2 v2.2.8/go.mod h1:hI93XBmqTisBFMUTm0b8Fm+jr3Dg1NNxqwp+5A1VGuI=
gopkg.in/yaml.v3 v3.0.1 h1:fxVm/GzAzEWqLHuvctI91KS9hhNmmWOoWu0XTYJS7CA=
gopkg.in/yaml.v3 v3.0.1/go.mod h1:K4uyk7z7BCEPqu6E+C64Yfv1cQ7kz7rIZviUmN+EgEM=
