github.com/cespare/xxhash/v2 v2.3.0 h1:UL815xU9SqsFlibzuggzjXhog7bL6oX9BbNZnL2UFvs=
github.com/cespare/xxhash/v2 v2.3.0/go.mod h1:VGX0DQ3Q6kWi7AoAeZDth3/j3BFtOZR5XLFGgcrjCOs=
github.com/davecgh/go-spew v1.1.1 h1:vj9j/u1bqnvCEfJOwUhtlOARqs3+rkHYY13jYWTU97c=
github.com/davecgh/go-spew v1.1.1/go.mod h1:J7Y8YcW2NihsgmVo/mv3lAwl/skON4iLHjSsI+c5H38=
github.com/go-logr/logr v1.2.2/go.mod h1:jdQByPbusPIv2/zmleS9BjJVeZ6kBagPoEUsqbVz/1A=
github.com/go-logr/logr v1.4.3 h1:CjnDlHq8ikf6E492q6eKboGOC0T8CDaOvkHCIg8idEI=
github.com/go-logr/logr v1.4.3/go.mod h1:9T104GzyrTigFIr8wt5mBrctHMim0Nb2HLGrmQ40KvY=
github.com/go-logr/stdr v1.2.2 h1:hSWxHoqTgW2S2qGc0LTAI563KZ5YKYRhT3MFKZMbjag=
github.com/go-logr/stdr v1.2.2/go.mod h1:mMo/vtBO5dYbehREoey6XUKy/eSumjCCveDpRre4VKE=
github.com/google/go-cmp v0.7.0 h1:wk8382ETsv4JYUZwIsn6YpYiWiBsYLSJiTsyBybVuN8=
github.com/google/go-cmp v0.7.0/go.mod h1:pXiqmnSA92OHEEa9HXL2W4E7lf9JzCmGVUdgjX3N/iU=
github.com/kr/pretty v0.3.1 h1:flRD4NNwYAUpkphVc1HcthR4KEIFJ65n8Mw5qdRn3LE=
github.com/kr/pretty v0.3.1/go.mod h1:hoEshYVHaxMs3cyo3Yncou5ZscifuDolrwPKZanG3xk=
github.com/kr/text v0.2.0 h1:5Nx0Ya0ZqY2ygV366QzturHI13Jq95ApcVaJBhpS+AY=
github.com/kr/text v0.2.0/go.mod h1:eLer722TekiGuMkidMxC/pM04lWEeraHUUmBw8l2grE=
github.com/pmezard/go-difflib v1.0.0 h1:4DBwDE0NGyQoBHbLQYPwSUPoCMWR5BEzIk/f1lZbAQM=
github.com/pmezard/go-difflib v1.0.0/go.mod h1:iKH77koFhYxTK1pcRnkKkqfTogsbg7gZNVY4sRDYZ/4=
github.com/rogpeppe/go-internal v1.14.1 h1:UQB4HGPB6osV0SQTLymcB4TgvyWu6ZyliaW0tI/otEQ=
github.com/rogpeppe/go-internal v1.14.1/go.mod h1:MaRKkUm5W0goXpeCfT7UZI6fk/L7L7so1lCWt35ZSgc=
github.com/stretchr/testify v1.11.1 h1:7s2iGBzp5EwR7/aIZr8ao5+dra3wiQyKjjFuvgVKu7U=
github.com/stretchr/testify v1.11.1/go.mod h1:wZwfW3scLgRK+23gO65QZefKpKQRnfz6sD981Nm4B6U=
go.opentelemetry.io/auto/sdk v1.2.1 h1:jXsnJ4Lmnqd11kwkBV2LgLoFMZKizbCi5fNZ/ipaZ64=
go.opentelemetry.io/auto/sdk v1.2.1/go.mod h1:KRTj+aOaElaLi+wW1kO/DZRXwkF4C5xPbEe3ZiIhN7Y=
go.opentelemetry.io/otel v1.41.0 h1:YlEwVsGAlCvczDILpUXpIpPSL/VPugt7zHThEMLce1c=
go.opentelemetry.io/otel v1.41.0/go.mod h1:Yt4UwgEKeT05QbLwbyHXEwhnjxNO6D8L5PQP51/46dE=
go.opentelemetry.io/otel v1.41.1-0.20260303195953-a18614cbc23d h1:tro+EnOKKSIP4AH983azE2sJlHZLtt1IAr7ocvB2dvo=
go.opentelemetry.io/otel v1.41.1-0.20260303195953-a18614cbc23d/go.mod h1:3aFZ+rUrAELOVa1rEO94NDjzbf9fVIhjRpj/ZX7tA/w=
go.opentelemetry.io/otel v1.41.1-0.20260303203755-5deb0d31ed71 h1:2ObXk+LG8xQYnv2Rn5qx+3jYr7HIjTSUNrZKu2ZtON4=
go.opentelemetry.io/otel v1.41.1-0.20260303203755-5deb0d31ed71/go.mod h1:3aFZ+rUrAELOVa1rEO94NDjzbf9fVIhjRpj/ZX7tA/w=
go.opentelemetry.io/otel/log v0.17.0 h1:blZWM4y7n+KSa9OywwGWyBMPpeVoCl/NCw+jMps8afM=
go.opentelemetry.io/otel/log v0.17.0/go.mod h1:VXhjKYep6/laSgf/tjdh2SMAt18Z9XotBFBO0jxSE24=
go.opentelemetry.io/otel/log v0.17.1-0.20260303195953-a18614cbc23d h1:kb2nn62Ov4Rn87aTFXzg85NEVe5SrFBRv3pYfUexFZ0=
go.opentelemetry.io/otel/log v0.17.1-0.20260303195953-a18614cbc23d/go.mod h1:dIZQaltYA6KlPj6ZfPas3QhraVT5e9c7cLfc1SxvCIQ=
go.opentelemetry.io/otel/log v0.17.1-0.20260303203755-5deb0d31ed71 h1:ZfO0NeszG/fKusjC1PuvRmnmnSkS0cwlnwjz6sS+0GE=
go.opentelemetry.io/otel/log v0.17.1-0.20260303203755-5deb0d31ed71/go.mod h1:dIZQaltYA6KlPj6ZfPas3QhraVT5e9c7cLfc1SxvCIQ=
go.opentelemetry.io/otel/log/logtest v0.17.0 h1:ljXJYD22KOc+h+vfv9IM1ppPjFSNndkp0Cb8AC3Nyh4=
go.opentelemetry.io/otel/log/logtest v0.17.0/go.mod h1:MwJw0jkhvkZP8+qIQsVduBM660V0cMht4V1GUjuwLLE=
go.opentelemetry.io/otel/log/logtest v0.17.1-0.20260303195953-a18614cbc23d h1:km2gZgQxRgbvli7bwb5MZJYf7lAkegbfAJ8wxGY8B+o=
go.opentelemetry.io/otel/log/logtest v0.17.1-0.20260303195953-a18614cbc23d/go.mod h1:C2UvG2JEJjpSD+1fg+SkPy0HMHSySjXfxWT0qbiIb9k=
go.opentelemetry.io/otel/log/logtest v0.17.1-0.20260303203755-5deb0d31ed71 h1:2QMa47PdzZeWg2XBYoBhS083TMOAbbgHsKjezYaJErc=
go.opentelemetry.io/otel/log/logtest v0.17.1-0.20260303203755-5deb0d31ed71/go.mod h1:C2UvG2JEJjpSD+1fg+SkPy0HMHSySjXfxWT0qbiIb9k=
go.opentelemetry.io/otel/metric v1.41.0 h1:rFnDcs4gRzBcsO9tS8LCpgR0dxg4aaxWlJxCno7JlTQ=
go.opentelemetry.io/otel/metric v1.41.0/go.mod h1:xPvCwd9pU0VN8tPZYzDZV/BMj9CM9vs00GuBjeKhJps=
go.opentelemetry.io/otel/metric v1.41.1-0.20260303195953-a18614cbc23d h1:D2SfnHvJ9tGosOhbHnNCHOZgHqqctJwe6wNNgMNPBz0=
go.opentelemetry.io/otel/metric v1.41.1-0.20260303195953-a18614cbc23d/go.mod h1:F3UaAQzxW1d7NnxfGtoFyXwrpDLVgXQvAKSSp6QjlR4=
go.opentelemetry.io/otel/metric v1.41.1-0.20260303203755-5deb0d31ed71 h1:MSbKCKv1GYi1m9c4RFsU4wBPxbhorRaJou8T9nX7qAs=
go.opentelemetry.io/otel/metric v1.41.1-0.20260303203755-5deb0d31ed71/go.mod h1:F3UaAQzxW1d7NnxfGtoFyXwrpDLVgXQvAKSSp6QjlR4=
go.opentelemetry.io/otel/trace v1.41.0 h1:Vbk2co6bhj8L59ZJ6/xFTskY+tGAbOnCtQGVVa9TIN0=
go.opentelemetry.io/otel/trace v1.41.0/go.mod h1:U1NU4ULCoxeDKc09yCWdWe+3QoyweJcISEVa1RBzOis=
go.opentelemetry.io/otel/trace v1.41.1-0.20260303195953-a18614cbc23d h1:tBonw88iQSKtLHRGfzGnUUJLfFE88bsh4ci25USDGT4=
go.opentelemetry.io/otel/trace v1.41.1-0.20260303195953-a18614cbc23d/go.mod h1:cqXi+pwihSpIfBt0zxlxHRiZma5J0KTAyrd0wPvglbY=
go.opentelemetry.io/otel/trace v1.41.1-0.20260303203755-5deb0d31ed71 h1:35dT64b/ZT8xMb+SH/Gu9T84CjU/kKCYyfSlzPE3PnQ=
go.opentelemetry.io/otel/trace v1.41.1-0.20260303203755-5deb0d31ed71/go.mod h1:cqXi+pwihSpIfBt0zxlxHRiZma5J0KTAyrd0wPvglbY=
go.uber.org/goleak v1.3.0 h1:2K3zAYmnTNqV73imy9J1T3WC+gmCePx2hEGkimedGto=
go.uber.org/goleak v1.3.0/go.mod h1:CoHD4mav9JJNrW/WLlf7HGZPjdw8EucARQHekz1X6bE=
go.uber.org/multierr v1.11.0 h1:blXXJkSxSSfBVBlC76pxqeO+LN3aDfLQo+309xJstO0=
go.uber.org/multierr v1.11.0/go.mod h1:20+QtiLqy0Nd6FdQB9TLXag12DsQkrbs3htMFfDN80Y=
go.uber.org/zap v1.27.1 h1:08RqriUEv8+ArZRYSTXy1LeBScaMpVSTBhCeaZYfMYc=
go.uber.org/zap v1.27.1/go.mod h1:GB2qFLM7cTU87MWRP2mPIjqfIDnGu+VIO4V/SdhGo2E=
gopkg.in/check.v1 v0.0.0-20161208181325-20d25e280405/go.mod h1:Co6ibVJAznAaIkqp8huTwlJQCZ016jof/cbN4VW5Yz0=
gopkg.in/check.v1 v1.0.0-20201130134442-10cb98267c6c h1:Hei/4ADfdWqJk1ZMxUNpqntNwaWcugrBjAiHlqqRiVk=
gopkg.in/check.v1 v1.0.0-20201130134442-10cb98267c6c/go.mod h1:JHkPIbrfpd72SG/EVd6muEfDQjcINNoR0C8j2r3qZ4Q=
gopkg.in/yaml.v3 v3.0.1 h1:fxVm/GzAzEWqLHuvctI91KS9hhNmmWOoWu0XTYJS7CA=
gopkg.in/yaml.v3 v3.0.1/go.mod h1:K4uyk7z7BCEPqu6E+C64Yfv1cQ7kz7rIZviUmN+EgEM=
