github.com/aws/aws-sdk-go-v2 v1.47.3 h1:HRoT/MkNi3bjO5xF4dCzLzvVmkvRGHj3/cLINDnJejk=
github.com/aws/aws-sdk-go-v2 v1.47.3/go.mod h1:xSl+OSI5ZUw6bSMupWc218zE5Pl+65MCCu3ySWFY99A=
github.com/aws/aws-sdk-go-v2/config v1.33.9 h1:Hv6bcQUJVnmuWaKjqD6Ot8sE75NrWsWV20oGT5aWle0=
github.com/aws/aws-sdk-go-v2/config v1.33.9/go.mod h1:ivowmrZNfBQLcg4QkaItgi5wae4Bzot9RzIdbY1hfTg=
github.com/aws/aws-sdk-go-v2/credentials v1.20.9 h1:SNO55PnWhaDafsOcv16lCA0kdoFMl/YlegWoVsU02s0=
github.com/aws/aws-sdk-go-v2/credentials v1.20.9/go.mod h1:+2reOTRtdD3VSBqpRDNwrZIYy8yMCYa7oK3WKTJ/I1I=
github.com/aws/aws-sdk-go-v2/feature/ec2/imds v1.20.3 h1:gr3b87OLB29jymWPzp/CAyXwQRJVE+sC4Wm0qBIKHsk=
github.com/aws/aws-sdk-go-v2/feature/ec2/imds v1.20.3/go.mod h1:BRjf4L/Yx2hY54o+ZibPbLJyMMeSwqYQXwcJfqW66a8=
github.com/aws/aws-sdk-go-v2/internal/configsources v1.5.6 h1:CqL8NN3p4I0JTwwV5MEoatIl4Y2amZ2X9dRD+0hbRL0=
github.com/aws/aws-sdk-go-v2/internal/configsources v1.5.6/go.mod h1:exdJ32hMqXl0Wyo6NwqEC5yIhtua3+PDaKE8P29m4qE=
github.com/aws/aws-sdk-go-v2/internal/endpoints/v2 v2.8.6 h1:FpBq24TG6WVSObTNhQOv7Q0088rounUUlwn3zlNItkM=
github.com/aws/aws-sdk-go-v2/internal/endpoints/v2 v2.8.6/go.mod h1:ONzdPVYC95oBOu0VWNEsKEntcoemP3xVKjT+qWml1s4=
github.com/aws/aws-sdk-go-v2/internal/v4a v1.5.6 h1:Qmn60RWuk9+bd2ddvJJqwf3Cpac3VvGMOdbGemtUhX4=
github.com/aws/aws-sdk-go-v2/internal/v4a v1.5.6/go.mod h1:h/YJhe4AVyQxEUMluph10iqV7mjajH7A9L+BHF5ppis=
github.com/aws/aws-sdk-go-v2/service/internal/accept-encoding v1.13.21 h1:e6YW5uME30TkrElR+4/xcY7NB6CCj2dcv7vtmGXhfhQ=
github.com/aws/aws-sdk-go-v2/service/internal/accept-encoding v1.13.21/go.mod h1:obpHAMP693+f3/A8PkLhIqfK1C+NWWn8zXzqD3OH520=
github.com/aws/aws-sdk-go-v2/service/internal/presigned-url v1.14.6 h1:LHHdobjo5le1sjJdolitV7uVvYg3wkaeM1Ju2fDgeZQ=
github.com/aws/aws-sdk-go-v2/service/internal/presigned-url v1.14.6/go.mod h1:CBGB0evAiaMD3Lk4wPO7LQCcCZLuhzL5Qf/wfEUHQ5w=
github.com/aws/aws-sdk-go-v2/service/signin v1.10.4 h1:tvpDjuUvgKURf3Yk4hOaGbZ4QdY+070OWcA5d6LUv2A=
github.com/aws/aws-sdk-go-v2/service/signin v1.10.4/go.mod h1:3ibVKg5Ng82Zby8++jELTD2nHxiPk2DJRLEeW/LKp8M=
github.com/aws/aws-sdk-go-v2/service/sso v1.38.4 h1:ChCtagixSFOxltv0o6E3NT8F7ksvZtZGPwUBynO5Nmk=
github.com/aws/aws-sdk-go-v2/service/sso v1.38.4/go.mod h1:+FEO9jrVMpc9oN3CdAxJbtlQEu3z8UddDPSedpeM3PY=
github.com/aws/aws-sdk-go-v2/service/ssooidc v1.43.4 h1:j6c+HA4AoS0EBEjArPjavFEBrucJEryfrQU0TffmACk=
github.com/aws/aws-sdk-go-v2/service/ssooidc v1.43.4/go.mod h1:RhghaXUk9q66VtOQUX1FdPddQuHnqQZzbB0fEYXmPRA=
github.com/aws/aws-sdk-go-v2/service/sts v1.51.4 h1:OKEfbf2tcfsF2pBk/S9QqNpo6alaAtiBs4hysCsBjPw=
github.com/aws/aws-sdk-go-v2/service/sts v1.51.4/go.mod h1:mCd6qGo9b8hTtfjgsmNkFlzwjyce4owd7HDVFnCLXhM=
github.com/aws/smithy-go v1.28.5 h1:OqbqKtzY9NUnr2yAe9+hiTdFb20tNaK/lI0PMOGXX9k=
github.com/aws/smithy-go v1.28.5/go.mod h1:YE2RhdIuDbA5E5bTdciG9KrW3+TiEONeUWCqxX9i1Fc=
github.com/cespare/xxhash/v2 v2.3.0 h1:UL815xU9SqsFlibzuggzjXhog7bL6oX9BbNZnL2UFvs=
github.com/cespare/xxhash/v2 v2.3.0/go.mod h1:VGX0DQ3Q6kWi7AoAeZDth3/j3BFtOZR5XLFGgcrjCOs=
github.com/go-logr/logr v1.2.2/go.mod h1:jdQByPbusPIv2/zmleS9BjJVeZ6kBagPoEUsqbVz/1A=
github.com/go-logr/logr v1.4.4 h1:tG4xh9yMsRCAiodLVTxyrkzSZ9+o0L1Kg/+cPVcbP/8=
github.com/go-logr/logr v1.4.4/go.mod h1:9T104GzyrTigFIr8wt5mBrctHMim0Nb2HLGrmQ40KvY=
github.com/go-logr/stdr v1.2.2 h1:hSWxHoqTgW2S2qGc0LTAI563KZ5YKYRhT3MFKZMbjag=
github.com/go-logr/stdr v1.2.2/go.mod h1:mMo/vtBO5dYbehREoey6XUKy/eSumjCCveDpRre4VKE=
github.com/google/go-cmp v0.7.0 h1:wk8382ETsv4JYUZwIsn6YpYiWiBsYLSJiTsyBybVuN8=
github.com/google/go-cmp v0.7.0/go.mod h1:pXiqmnSA92OHEEa9HXL2W4E7lf9JzCmGVUdgjX3N/iU=
github.com/google/uuid v1.6.0 h1:NIvaJDMOsjHA8n1jAhLSgzrAzy1Hgr+hNrb57e+94F0=
github.com/google/uuid v1.6.0/go.mod h1:TIyPZe4MgqvfeYDBFedMoGGpEw/LqOeaOT+nhxU+yHo=
github.com/stretchr/objx v0.5.3 h1:jmXUvGomnU1o3W/V5h2VEradbpJDwGrzugQQvL0POH4=
github.com/stretchr/objx v0.5.3/go.mod h1:rDQraq+vQZU7Fde9LOZLr8Tax6zZvy4kuNKF+QYS+U0=
github.com/stretchr/testify v1.12.1 h1:EuwCh5fleGS7H32xRwO3wRGT7DxrDhLAT6FF8MpWDWE=
github.com/stretchr/testify v1.12.1/go.mod h1:MDEgiDPPsNp5cuIrHPPCyornHKgEVbtFUmoNlxoYthg=
go.opentelemetry.io/auto/sdk v1.2.1 h1:jXsnJ4Lmnqd11kwkBV2LgLoFMZKizbCi5fNZ/ipaZ64=
go.opentelemetry.io/auto/sdk v1.2.1/go.mod h1:KRTj+aOaElaLi+wW1kO/DZRXwkF4C5xPbEe3ZiIhN7Y=
go.opentelemetry.io/otel v1.47.0 h1:j7ALJ/zgkS7Z6aeJW09p8VC9804bC+PpeTfCD4XPnOM=
go.opentelemetry.io/otel v1.47.0/go.mod h1:8wS9O2qfXrYrzp6hIF/HOYJJf/wIhFPhR2xLuP+iXQU=
go.opentelemetry.io/otel/log v1.47.0 h1:cOTS1CcLbSQeZKanGJ+0JpF/+t4PELi3O3bbl2lqCcI=
go.opentelemetry.io/otel/log v1.47.0/go.mod h1:9byitSQ5pLC6PpqwGXjqdMKya6ZTswHRZh2vvXT33nw=
go.opentelemetry.io/otel/metric v1.47.0 h1:4PptaldXx3Eat1XjMZ68pPJEs5wrhlemctZE9a3UdWY=
go.opentelemetry.io/otel/metric v1.47.0/go.mod h1:ADGSXxRrXM6bjbvLo535EstVFlPpPYZm4LBKixjDHwU=
go.opentelemetry.io/otel/sdk v1.47.0 h1:zWXEr4j2lFefG87TU6Yg8a7ngfohIKFZHKp0Hf5hC6I=
go.opentelemetry.io/otel/sdk v1.47.0/go.mod h1:VUc24kiOeoGsxG8G9ULx3fWKvB7jMhnGE8Oi607lgR0=
go.opentelemetry.io/otel/trace v1.47.0 h1:JOjX/Oci8K94QHddo+bbfya/Ai/nf6/dt9ZfrFNWSrM=
go.opentelemetry.io/otel/trace v1.47.0/go.mod h1:jNaSLa2PZEYFG6fRjJABAu+bw4FS08uDmPg28lTghu0=
go.yaml.in/yaml/v3 v3.0.5 h1:N6y/pJk8buWs9NY5ERU2HSMfm+IuD/OtfdAnq6kESPw=
go.yaml.in/yaml/v3 v3.0.5/go.mod h1:HVTZu1O7/Vkt2N+BFy8Zza+lnLsABggaTM2ZpNIGuKg=
golang.org/x/sys v0.49.0 h1:XbzkgYJHdqh/8m2Uu0W/dQv8nktxx4BFHp1M0gROTXA=
golang.org/x/sys v0.49.0/go.mod h1:hNLxWAXmnKAxqDtdwIYC4bM9oQPEecfsnNMuSxOs3og=
